// !$*UTF8*$!
{
	archiveVersion = 1;
	classes = {
	};
	objectVersion = 46;
	objects = {

/* Begin PBXBuildFile section */
		183F14461CDAE29D00878F3D /* VehicleStatus.m in Sources */ = {isa = PBXBuildFile; fileRef = 183F14451CDAE29D00878F3D /* VehicleStatus.m */; };
		183F144A1CDAE95300878F3D /* Fault.m in Sources */ = {isa = PBXBuildFile; fileRef = 183F14491CDAE95300878F3D /* Fault.m */; };
		187630501CD9DC6C005C3270 /* testfile.strings in Resources */ = {isa = PBXBuildFile; fileRef = 1876304F1CD9DC6C005C3270 /* testfile.strings */; };
		187C72A11CD9EEE500503B02 /* File.rtf in Resources */ = {isa = PBXBuildFile; fileRef = 187C72A01CD9EEE500503B02 /* File.rtf */; };
		188190C71CE46DFF00E48CE3 /* RequestUpgradeResponse.m in Sources */ = {isa = PBXBuildFile; fileRef = 188190C61CE46DFF00E48CE3 /* RequestUpgradeResponse.m */; };
		188190CA1CE4756600E48CE3 /* RequestPackageResponse.m in Sources */ = {isa = PBXBuildFile; fileRef = 188190C91CE4756600E48CE3 /* RequestPackageResponse.m */; };
		188190CD1CE4766300E48CE3 /* BaseUpgradeResponse.m in Sources */ = {isa = PBXBuildFile; fileRef = 188190CC1CE4766300E48CE3 /* BaseUpgradeResponse.m */; };
		188190D01CE47FB500E48CE3 /* FinishPackageResponse.m in Sources */ = {isa = PBXBuildFile; fileRef = 188190CF1CE47FB500E48CE3 /* FinishPackageResponse.m */; };
		188190D31CE480BF00E48CE3 /* MD5CheckResponse.m in Sources */ = {isa = PBXBuildFile; fileRef = 188190D21CE480BF00E48CE3 /* MD5CheckResponse.m */; };
		188946521CEEAFB5002719C3 /* SC6530_RK4101_stone.bin in Resources */ = {isa = PBXBuildFile; fileRef = 188946511CEEAFB5002719C3 /* SC6530_RK4101_stone.bin */; };
		18972CBD1CF5300C00F89EAE /* sound.caf in Resources */ = {isa = PBXBuildFile; fileRef = 18972CBC1CF5300C00F89EAE /* sound.caf */; };
		18972CBF1CF531DD00F89EAE /* AVFoundation.framework in Frameworks */ = {isa = PBXBuildFile; fileRef = 18972CBE1CF531DD00F89EAE /* AVFoundation.framework */; };
		18A1E92B1CF2EC7700358147 /* UpgradeProgress.m in Sources */ = {isa = PBXBuildFile; fileRef = 18A1E92A1CF2EC7700358147 /* UpgradeProgress.m */; };
		18B4404D1C992DEB00B15823 /* BLEDataProtocol.m in Sources */ = {isa = PBXBuildFile; fileRef = 18B4404C1C992DEB00B15823 /* BLEDataProtocol.m */; };
		18B4404E1C992DEB00B15823 /* BLEDataProtocol.m in Sources */ = {isa = PBXBuildFile; fileRef = 18B4404C1C992DEB00B15823 /* BLEDataProtocol.m */; };
		18C93E411C8EDAD000BDD086 /* main.m in Sources */ = {isa = PBXBuildFile; fileRef = 18C93E401C8EDAD000BDD086 /* main.m */; };
		18C93E441C8EDAD000BDD086 /* AppDelegate.m in Sources */ = {isa = PBXBuildFile; fileRef = 18C93E431C8EDAD000BDD086 /* AppDelegate.m */; };
		18C93E4A1C8EDAD000BDD086 /* Main.storyboard in Resources */ = {isa = PBXBuildFile; fileRef = 18C93E481C8EDAD000BDD086 /* Main.storyboard */; };
		18C93E4C1C8EDAD000BDD086 /* Assets.xcassets in Resources */ = {isa = PBXBuildFile; fileRef = 18C93E4B1C8EDAD000BDD086 /* Assets.xcassets */; };
		18C93E4F1C8EDAD000BDD086 /* LaunchScreen.storyboard in Resources */ = {isa = PBXBuildFile; fileRef = 18C93E4D1C8EDAD000BDD086 /* LaunchScreen.storyboard */; };
		18C93E5A1C8EDAD000BDD086 /* RokyinfoBLEDemoTests.m in Sources */ = {isa = PBXBuildFile; fileRef = 18C93E591C8EDAD000BDD086 /* RokyinfoBLEDemoTests.m */; };
		18DC0B8D1CE050F100C37A84 /* ECUParameter.m in Sources */ = {isa = PBXBuildFile; fileRef = 18DC0B8C1CE050F100C37A84 /* ECUParameter.m */; };
		18DC0B901CE065C100C37A84 /* BaseParameter.m in Sources */ = {isa = PBXBuildFile; fileRef = 18DC0B8F1CE065C100C37A84 /* BaseParameter.m */; };
		18DC0BC51CE07F4B00C37A84 /* ConfigResult.m in Sources */ = {isa = PBXBuildFile; fileRef = 18DC0BC41CE07F4B00C37A84 /* ConfigResult.m */; };
		18FA208A1CE57D8E0002E9C2 /* BleLog.m in Sources */ = {isa = PBXBuildFile; fileRef = 18FA20891CE57D8E0002E9C2 /* BleLog.m */; };
		18FA208D1CE5A91D0002E9C2 /* MainTableViewController.m in Sources */ = {isa = PBXBuildFile; fileRef = 18FA208C1CE5A91D0002E9C2 /* MainTableViewController.m */; };
		18FA20901CE5AC200002E9C2 /* UpgradeViewController.m in Sources */ = {isa = PBXBuildFile; fileRef = 18FA208F1CE5AC200002E9C2 /* UpgradeViewController.m */; };
		4D48CCBB2D3CC23E0FEEC4DB /* Pods_RokyinfoBLEDemo.framework in Frameworks */ = {isa = PBXBuildFile; fileRef = FFF98A275E40044DB1448183 /* Pods_RokyinfoBLEDemo.framework */; };
		D0653310128AAD48F860DE7C /* Pods_RokyinfoBLEDemoTests.framework in Frameworks */ = {isa = PBXBuildFile; fileRef = 516EB001CF1C21F26D284D82 /* Pods_RokyinfoBLEDemoTests.framework */; };
		F523FBE81CDA36880064F45E /* .gitkeep in Resources */ = {isa = PBXBuildFile; fileRef = F523FBB81CDA36880064F45E /* .gitkeep */; };
		F523FBEA1CDA36880064F45E /* BLERequest.m in Sources */ = {isa = PBXBuildFile; fileRef = F523FBBC1CDA36880064F45E /* BLERequest.m */; };
		F523FBEB1CDA36880064F45E /* BLEResponse.m in Sources */ = {isa = PBXBuildFile; fileRef = F523FBBE1CDA36880064F45E /* BLEResponse.m */; };
		F523FBEC1CDA36880064F45E /* BLEStack.m in Sources */ = {isa = PBXBuildFile; fileRef = F523FBC01CDA36880064F45E /* BLEStack.m */; };
		F523FBED1CDA36880064F45E /* DefaultBLEDataParseProtocol.m in Sources */ = {isa = PBXBuildFile; fileRef = F523FBC31CDA36880064F45E /* DefaultBLEDataParseProtocol.m */; };
		F523FBEE1CDA36880064F45E /* DefaultRetryPolicy.m in Sources */ = {isa = PBXBuildFile; fileRef = F523FBC51CDA36880064F45E /* DefaultRetryPolicy.m */; };
		F523FBEF1CDA36880064F45E /* ExecutorDelivery.m in Sources */ = {isa = PBXBuildFile; fileRef = F523FBC71CDA36880064F45E /* ExecutorDelivery.m */; };
		F523FBF01CDA36880064F45E /* ByteConvert.m in Sources */ = {isa = PBXBuildFile; fileRef = F523FBCA1CDA36880064F45E /* ByteConvert.m */; };
		F523FBF11CDA36880064F45E /* crc8_16.c in Sources */ = {isa = PBXBuildFile; fileRef = F523FBCB1CDA36880064F45E /* crc8_16.c */; };
		F523FBF21CDA36880064F45E /* Firmware.m in Sources */ = {isa = PBXBuildFile; fileRef = F523FBCE1CDA36880064F45E /* Firmware.m */; };
		F523FBF31CDA36880064F45E /* RemoteControlResult.m in Sources */ = {isa = PBXBuildFile; fileRef = F523FBD01CDA36880064F45E /* RemoteControlResult.m */; };
		F523FBF41CDA36880064F45E /* RK410APIService.m in Sources */ = {isa = PBXBuildFile; fileRef = F523FBD21CDA36880064F45E /* RK410APIService.m */; };
		F523FBF51CDA36880064F45E /* RkBluetoothClient.m in Sources */ = {isa = PBXBuildFile; fileRef = F523FBD41CDA36880064F45E /* RkBluetoothClient.m */; };
		F523FBF61CDA36880064F45E /* RKFrame.m in Sources */ = {isa = PBXBuildFile; fileRef = F523FBD61CDA36880064F45E /* RKFrame.m */; };
		F523FBF71CDA36880064F45E /* RKPackage.m in Sources */ = {isa = PBXBuildFile; fileRef = F523FBD81CDA36880064F45E /* RKPackage.m */; };
		F523FBF81CDA36880064F45E /* UpgradeManager.m in Sources */ = {isa = PBXBuildFile; fileRef = F523FBDA1CDA36880064F45E /* UpgradeManager.m */; };
		F523FBF91CDA36880064F45E /* RequestQueue.m in Sources */ = {isa = PBXBuildFile; fileRef = F523FBDC1CDA36880064F45E /* RequestQueue.m */; };
		F523FBFA1CDA36880064F45E /* Response.m in Sources */ = {isa = PBXBuildFile; fileRef = F523FBDE1CDA36880064F45E /* Response.m */; };
		F523FBFB1CDA36880064F45E /* RKBLEDispatcher.m in Sources */ = {isa = PBXBuildFile; fileRef = F523FBE21CDA36880064F45E /* RKBLEDispatcher.m */; };
		F523FBFC1CDA36880064F45E /* RKBLEUtil.m in Sources */ = {isa = PBXBuildFile; fileRef = F523FBE41CDA36880064F45E /* RKBLEUtil.m */; };
		F523FBFD1CDA36880064F45E /* RKBlockingQueue.m in Sources */ = {isa = PBXBuildFile; fileRef = F523FBE61CDA36880064F45E /* RKBlockingQueue.m */; };
/* End PBXBuildFile section */

/* Begin PBXContainerItemProxy section */
		18C93E561C8EDAD000BDD086 /* PBXContainerItemProxy */ = {
			isa = PBXContainerItemProxy;
			containerPortal = 18C93E341C8EDAD000BDD086 /* Project object */;
			proxyType = 1;
			remoteGlobalIDString = 18C93E3B1C8EDAD000BDD086;
			remoteInfo = RokyinfoBLEDemo;
		};
/* End PBXContainerItemProxy section */

/* Begin PBXFileReference section */
		183F14441CDAE29D00878F3D /* VehicleStatus.h */ = {isa = PBXFileReference; fileEncoding = 4; lastKnownFileType = sourcecode.c.h; path = VehicleStatus.h; sourceTree = "<group>"; };
		183F14451CDAE29D00878F3D /* VehicleStatus.m */ = {isa = PBXFileReference; fileEncoding = 4; lastKnownFileType = sourcecode.c.objc; path = VehicleStatus.m; sourceTree = "<group>"; };
		183F14471CDAE49A00878F3D /* RkFieldConverter.h */ = {isa = PBXFileReference; fileEncoding = 4; lastKnownFileType = sourcecode.c.h; path = RkFieldConverter.h; sourceTree = "<group>"; };
		183F14481CDAE95300878F3D /* Fault.h */ = {isa = PBXFileReference; fileEncoding = 4; lastKnownFileType = sourcecode.c.h; path = Fault.h; sourceTree = "<group>"; };
		183F14491CDAE95300878F3D /* Fault.m */ = {isa = PBXFileReference; fileEncoding = 4; lastKnownFileType = sourcecode.c.objc; path = Fault.m; sourceTree = "<group>"; };
		1876304F1CD9DC6C005C3270 /* testfile.strings */ = {isa = PBXFileReference; fileEncoding = 4; lastKnownFileType = text.plist.strings; path = testfile.strings; sourceTree = "<group>"; };
		187C72A01CD9EEE500503B02 /* File.rtf */ = {isa = PBXFileReference; fileEncoding = 4; lastKnownFileType = text.rtf; path = File.rtf; sourceTree = "<group>"; };
		188190C51CE46DFF00E48CE3 /* RequestUpgradeResponse.h */ = {isa = PBXFileReference; fileEncoding = 4; lastKnownFileType = sourcecode.c.h; path = RequestUpgradeResponse.h; sourceTree = "<group>"; };
		188190C61CE46DFF00E48CE3 /* RequestUpgradeResponse.m */ = {isa = PBXFileReference; fileEncoding = 4; lastKnownFileType = sourcecode.c.objc; path = RequestUpgradeResponse.m; sourceTree = "<group>"; };
		188190C81CE4756600E48CE3 /* RequestPackageResponse.h */ = {isa = PBXFileReference; fileEncoding = 4; lastKnownFileType = sourcecode.c.h; path = RequestPackageResponse.h; sourceTree = "<group>"; };
		188190C91CE4756600E48CE3 /* RequestPackageResponse.m */ = {isa = PBXFileReference; fileEncoding = 4; lastKnownFileType = sourcecode.c.objc; path = RequestPackageResponse.m; sourceTree = "<group>"; };
		188190CB1CE4766300E48CE3 /* BaseUpgradeResponse.h */ = {isa = PBXFileReference; fileEncoding = 4; lastKnownFileType = sourcecode.c.h; path = BaseUpgradeResponse.h; sourceTree = "<group>"; };
		188190CC1CE4766300E48CE3 /* BaseUpgradeResponse.m */ = {isa = PBXFileReference; fileEncoding = 4; lastKnownFileType = sourcecode.c.objc; path = BaseUpgradeResponse.m; sourceTree = "<group>"; };
		188190CE1CE47FB500E48CE3 /* FinishPackageResponse.h */ = {isa = PBXFileReference; fileEncoding = 4; lastKnownFileType = sourcecode.c.h; path = FinishPackageResponse.h; sourceTree = "<group>"; };
		188190CF1CE47FB500E48CE3 /* FinishPackageResponse.m */ = {isa = PBXFileReference; fileEncoding = 4; lastKnownFileType = sourcecode.c.objc; path = FinishPackageResponse.m; sourceTree = "<group>"; };
		188190D11CE480BF00E48CE3 /* MD5CheckResponse.h */ = {isa = PBXFileReference; fileEncoding = 4; lastKnownFileType = sourcecode.c.h; path = MD5CheckResponse.h; sourceTree = "<group>"; };
		188190D21CE480BF00E48CE3 /* MD5CheckResponse.m */ = {isa = PBXFileReference; fileEncoding = 4; lastKnownFileType = sourcecode.c.objc; path = MD5CheckResponse.m; sourceTree = "<group>"; };
		188190D41CE488B800E48CE3 /* libicucore.tbd */ = {isa = PBXFileReference; lastKnownFileType = "sourcecode.text-based-dylib-definition"; name = libicucore.tbd; path = usr/lib/libicucore.tbd; sourceTree = SDKROOT; };
		188946511CEEAFB5002719C3 /* SC6530_RK4101_stone.bin */ = {isa = PBXFileReference; lastKnownFileType = archive.macbinary; path = SC6530_RK4101_stone.bin; sourceTree = "<group>"; };
		18972CBC1CF5300C00F89EAE /* sound.caf */ = {isa = PBXFileReference; lastKnownFileType = file; path = sound.caf; sourceTree = "<group>"; };
		18972CBE1CF531DD00F89EAE /* AVFoundation.framework */ = {isa = PBXFileReference; lastKnownFileType = wrapper.framework; name = AVFoundation.framework; path = System/Library/Frameworks/AVFoundation.framework; sourceTree = SDKROOT; };
		18A1E9291CF2EC7700358147 /* UpgradeProgress.h */ = {isa = PBXFileReference; fileEncoding = 4; lastKnownFileType = sourcecode.c.h; path = UpgradeProgress.h; sourceTree = "<group>"; };
		18A1E92A1CF2EC7700358147 /* UpgradeProgress.m */ = {isa = PBXFileReference; fileEncoding = 4; lastKnownFileType = sourcecode.c.objc; path = UpgradeProgress.m; sourceTree = "<group>"; };
		18B4404B1C992DEB00B15823 /* BLEDataProtocol.h */ = {isa = PBXFileReference; fileEncoding = 4; lastKnownFileType = sourcecode.c.h; path = BLEDataProtocol.h; sourceTree = "<group>"; };
		18B4404C1C992DEB00B15823 /* BLEDataProtocol.m */ = {isa = PBXFileReference; fileEncoding = 4; lastKnownFileType = sourcecode.c.objc; path = BLEDataProtocol.m; sourceTree = "<group>"; };
		18C93E3C1C8EDAD000BDD086 /* RokyinfoBLEDemo.app */ = {isa = PBXFileReference; explicitFileType = wrapper.application; includeInIndex = 0; path = RokyinfoBLEDemo.app; sourceTree = BUILT_PRODUCTS_DIR; };
		18C93E401C8EDAD000BDD086 /* main.m */ = {isa = PBXFileReference; lastKnownFileType = sourcecode.c.objc; path = main.m; sourceTree = "<group>"; };
		18C93E421C8EDAD000BDD086 /* AppDelegate.h */ = {isa = PBXFileReference; lastKnownFileType = sourcecode.c.h; path = AppDelegate.h; sourceTree = "<group>"; };
		18C93E431C8EDAD000BDD086 /* AppDelegate.m */ = {isa = PBXFileReference; lastKnownFileType = sourcecode.c.objc; path = AppDelegate.m; sourceTree = "<group>"; };
		18C93E491C8EDAD000BDD086 /* Base */ = {isa = PBXFileReference; lastKnownFileType = file.storyboard; name = Base; path = Base.lproj/Main.storyboard; sourceTree = "<group>"; };
		18C93E4B1C8EDAD000BDD086 /* Assets.xcassets */ = {isa = PBXFileReference; lastKnownFileType = folder.assetcatalog; path = Assets.xcassets; sourceTree = "<group>"; };
		18C93E4E1C8EDAD000BDD086 /* Base */ = {isa = PBXFileReference; lastKnownFileType = file.storyboard; name = Base; path = Base.lproj/LaunchScreen.storyboard; sourceTree = "<group>"; };
		18C93E501C8EDAD000BDD086 /* Info.plist */ = {isa = PBXFileReference; lastKnownFileType = text.plist.xml; path = Info.plist; sourceTree = "<group>"; };
		18C93E551C8EDAD000BDD086 /* RokyinfoBLEDemoTests.xctest */ = {isa = PBXFileReference; explicitFileType = wrapper.cfbundle; includeInIndex = 0; path = RokyinfoBLEDemoTests.xctest; sourceTree = BUILT_PRODUCTS_DIR; };
		18C93E591C8EDAD000BDD086 /* RokyinfoBLEDemoTests.m */ = {isa = PBXFileReference; lastKnownFileType = sourcecode.c.objc; path = RokyinfoBLEDemoTests.m; sourceTree = "<group>"; };
		18C93E5B1C8EDAD000BDD086 /* Info.plist */ = {isa = PBXFileReference; lastKnownFileType = text.plist.xml; path = Info.plist; sourceTree = "<group>"; };
		18DC0B8B1CE050F100C37A84 /* ECUParameter.h */ = {isa = PBXFileReference; fileEncoding = 4; lastKnownFileType = sourcecode.c.h; path = ECUParameter.h; sourceTree = "<group>"; };
		18DC0B8C1CE050F100C37A84 /* ECUParameter.m */ = {isa = PBXFileReference; fileEncoding = 4; lastKnownFileType = sourcecode.c.objc; path = ECUParameter.m; sourceTree = "<group>"; };
		18DC0B8E1CE065C100C37A84 /* BaseParameter.h */ = {isa = PBXFileReference; fileEncoding = 4; lastKnownFileType = sourcecode.c.h; path = BaseParameter.h; sourceTree = "<group>"; };
		18DC0B8F1CE065C100C37A84 /* BaseParameter.m */ = {isa = PBXFileReference; fileEncoding = 4; lastKnownFileType = sourcecode.c.objc; path = BaseParameter.m; sourceTree = "<group>"; };
		18DC0BC31CE07F4B00C37A84 /* ConfigResult.h */ = {isa = PBXFileReference; fileEncoding = 4; lastKnownFileType = sourcecode.c.h; path = ConfigResult.h; sourceTree = "<group>"; };
		18DC0BC41CE07F4B00C37A84 /* ConfigResult.m */ = {isa = PBXFileReference; fileEncoding = 4; lastKnownFileType = sourcecode.c.objc; path = ConfigResult.m; sourceTree = "<group>"; };
		18FA20881CE57D8E0002E9C2 /* BleLog.h */ = {isa = PBXFileReference; fileEncoding = 4; lastKnownFileType = sourcecode.c.h; path = BleLog.h; sourceTree = "<group>"; };
		18FA20891CE57D8E0002E9C2 /* BleLog.m */ = {isa = PBXFileReference; fileEncoding = 4; lastKnownFileType = sourcecode.c.objc; path = BleLog.m; sourceTree = "<group>"; };
		18FA208B1CE5A91D0002E9C2 /* MainTableViewController.h */ = {isa = PBXFileReference; fileEncoding = 4; lastKnownFileType = sourcecode.c.h; path = MainTableViewController.h; sourceTree = "<group>"; };
		18FA208C1CE5A91D0002E9C2 /* MainTableViewController.m */ = {isa = PBXFileReference; fileEncoding = 4; lastKnownFileType = sourcecode.c.objc; path = MainTableViewController.m; sourceTree = "<group>"; };
		18FA208E1CE5AC200002E9C2 /* UpgradeViewController.h */ = {isa = PBXFileReference; fileEncoding = 4; lastKnownFileType = sourcecode.c.h; path = UpgradeViewController.h; sourceTree = "<group>"; };
		18FA208F1CE5AC200002E9C2 /* UpgradeViewController.m */ = {isa = PBXFileReference; fileEncoding = 4; lastKnownFileType = sourcecode.c.objc; path = UpgradeViewController.m; sourceTree = "<group>"; };
		395F984CD11EABC71FE93967 /* Pods-RokyinfoBLEDemo.debug.xcconfig */ = {isa = PBXFileReference; includeInIndex = 1; lastKnownFileType = text.xcconfig; name = "Pods-RokyinfoBLEDemo.debug.xcconfig"; path = "Pods/Target Support Files/Pods-RokyinfoBLEDemo/Pods-RokyinfoBLEDemo.debug.xcconfig"; sourceTree = "<group>"; };
		516EB001CF1C21F26D284D82 /* Pods_RokyinfoBLEDemoTests.framework */ = {isa = PBXFileReference; explicitFileType = wrapper.framework; includeInIndex = 0; path = Pods_RokyinfoBLEDemoTests.framework; sourceTree = BUILT_PRODUCTS_DIR; };
		62A5A06ED4B8B8CDE4B45FF2 /* Pods-RokyinfoBLEDemoTests.release.xcconfig */ = {isa = PBXFileReference; includeInIndex = 1; lastKnownFileType = text.xcconfig; name = "Pods-RokyinfoBLEDemoTests.release.xcconfig"; path = "Pods/Target Support Files/Pods-RokyinfoBLEDemoTests/Pods-RokyinfoBLEDemoTests.release.xcconfig"; sourceTree = "<group>"; };
		9CED58929475A5B4DB4710BD /* Pods-RokyinfoBLEDemoTests.debug.xcconfig */ = {isa = PBXFileReference; includeInIndex = 1; lastKnownFileType = text.xcconfig; name = "Pods-RokyinfoBLEDemoTests.debug.xcconfig"; path = "Pods/Target Support Files/Pods-RokyinfoBLEDemoTests/Pods-RokyinfoBLEDemoTests.debug.xcconfig"; sourceTree = "<group>"; };
		E5146E0FF7EDD8D5ADD99063 /* Pods-RokyinfoBLEDemo.release.xcconfig */ = {isa = PBXFileReference; includeInIndex = 1; lastKnownFileType = text.xcconfig; name = "Pods-RokyinfoBLEDemo.release.xcconfig"; path = "Pods/Target Support Files/Pods-RokyinfoBLEDemo/Pods-RokyinfoBLEDemo.release.xcconfig"; sourceTree = "<group>"; };
		F523FBB81CDA36880064F45E /* .gitkeep */ = {isa = PBXFileReference; fileEncoding = 4; lastKnownFileType = text; path = .gitkeep; sourceTree = "<group>"; };
		F523FBBB1CDA36880064F45E /* BLERequest.h */ = {isa = PBXFileReference; fileEncoding = 4; lastKnownFileType = sourcecode.c.h; path = BLERequest.h; sourceTree = "<group>"; };
		F523FBBC1CDA36880064F45E /* BLERequest.m */ = {isa = PBXFileReference; fileEncoding = 4; lastKnownFileType = sourcecode.c.objc; path = BLERequest.m; sourceTree = "<group>"; };
		F523FBBD1CDA36880064F45E /* BLEResponse.h */ = {isa = PBXFileReference; fileEncoding = 4; lastKnownFileType = sourcecode.c.h; path = BLEResponse.h; sourceTree = "<group>"; };
		F523FBBE1CDA36880064F45E /* BLEResponse.m */ = {isa = PBXFileReference; fileEncoding = 4; lastKnownFileType = sourcecode.c.objc; path = BLEResponse.m; sourceTree = "<group>"; };
		F523FBBF1CDA36880064F45E /* BLEStack.h */ = {isa = PBXFileReference; fileEncoding = 4; lastKnownFileType = sourcecode.c.h; path = BLEStack.h; sourceTree = "<group>"; };
		F523FBC01CDA36880064F45E /* BLEStack.m */ = {isa = PBXFileReference; fileEncoding = 4; lastKnownFileType = sourcecode.c.objc; path = BLEStack.m; sourceTree = "<group>"; };
		F523FBC11CDA36880064F45E /* Bluetooth.h */ = {isa = PBXFileReference; fileEncoding = 4; lastKnownFileType = sourcecode.c.h; path = Bluetooth.h; sourceTree = "<group>"; };
		F523FBC21CDA36880064F45E /* DefaultBLEDataParseProtocol.h */ = {isa = PBXFileReference; fileEncoding = 4; lastKnownFileType = sourcecode.c.h; path = DefaultBLEDataParseProtocol.h; sourceTree = "<group>"; };
		F523FBC31CDA36880064F45E /* DefaultBLEDataParseProtocol.m */ = {isa = PBXFileReference; fileEncoding = 4; lastKnownFileType = sourcecode.c.objc; path = DefaultBLEDataParseProtocol.m; sourceTree = "<group>"; };
		F523FBC41CDA36880064F45E /* DefaultRetryPolicy.h */ = {isa = PBXFileReference; fileEncoding = 4; lastKnownFileType = sourcecode.c.h; path = DefaultRetryPolicy.h; sourceTree = "<group>"; };
		F523FBC51CDA36880064F45E /* DefaultRetryPolicy.m */ = {isa = PBXFileReference; fileEncoding = 4; lastKnownFileType = sourcecode.c.objc; path = DefaultRetryPolicy.m; sourceTree = "<group>"; };
		F523FBC61CDA36880064F45E /* ExecutorDelivery.h */ = {isa = PBXFileReference; fileEncoding = 4; lastKnownFileType = sourcecode.c.h; path = ExecutorDelivery.h; sourceTree = "<group>"; };
		F523FBC71CDA36880064F45E /* ExecutorDelivery.m */ = {isa = PBXFileReference; fileEncoding = 4; lastKnownFileType = sourcecode.c.objc; path = ExecutorDelivery.m; sourceTree = "<group>"; };
		F523FBC91CDA36880064F45E /* ByteConvert.h */ = {isa = PBXFileReference; fileEncoding = 4; lastKnownFileType = sourcecode.c.h; path = ByteConvert.h; sourceTree = "<group>"; };
		F523FBCA1CDA36880064F45E /* ByteConvert.m */ = {isa = PBXFileReference; fileEncoding = 4; lastKnownFileType = sourcecode.c.objc; path = ByteConvert.m; sourceTree = "<group>"; };
		F523FBCB1CDA36880064F45E /* crc8_16.c */ = {isa = PBXFileReference; fileEncoding = 4; lastKnownFileType = sourcecode.c.c; path = crc8_16.c; sourceTree = "<group>"; };
		F523FBCC1CDA36880064F45E /* crc8_16.h */ = {isa = PBXFileReference; fileEncoding = 4; lastKnownFileType = sourcecode.c.h; path = crc8_16.h; sourceTree = "<group>"; };
		F523FBCD1CDA36880064F45E /* Firmware.h */ = {isa = PBXFileReference; fileEncoding = 4; lastKnownFileType = sourcecode.c.h; path = Firmware.h; sourceTree = "<group>"; };
		F523FBCE1CDA36880064F45E /* Firmware.m */ = {isa = PBXFileReference; fileEncoding = 4; lastKnownFileType = sourcecode.c.objc; path = Firmware.m; sourceTree = "<group>"; };
		F523FBCF1CDA36880064F45E /* RemoteControlResult.h */ = {isa = PBXFileReference; fileEncoding = 4; lastKnownFileType = sourcecode.c.h; path = RemoteControlResult.h; sourceTree = "<group>"; };
		F523FBD01CDA36880064F45E /* RemoteControlResult.m */ = {isa = PBXFileReference; fileEncoding = 4; lastKnownFileType = sourcecode.c.objc; path = RemoteControlResult.m; sourceTree = "<group>"; };
		F523FBD11CDA36880064F45E /* RK410APIService.h */ = {isa = PBXFileReference; fileEncoding = 4; lastKnownFileType = sourcecode.c.h; path = RK410APIService.h; sourceTree = "<group>"; };
		F523FBD21CDA36880064F45E /* RK410APIService.m */ = {isa = PBXFileReference; fileEncoding = 4; lastKnownFileType = sourcecode.c.objc; path = RK410APIService.m; sourceTree = "<group>"; };
		F523FBD31CDA36880064F45E /* RkBluetoothClient.h */ = {isa = PBXFileReference; fileEncoding = 4; lastKnownFileType = sourcecode.c.h; path = RkBluetoothClient.h; sourceTree = "<group>"; };
		F523FBD41CDA36880064F45E /* RkBluetoothClient.m */ = {isa = PBXFileReference; fileEncoding = 4; lastKnownFileType = sourcecode.c.objc; path = RkBluetoothClient.m; sourceTree = "<group>"; };
		F523FBD51CDA36880064F45E /* RKFrame.h */ = {isa = PBXFileReference; fileEncoding = 4; lastKnownFileType = sourcecode.c.h; path = RKFrame.h; sourceTree = "<group>"; };
		F523FBD61CDA36880064F45E /* RKFrame.m */ = {isa = PBXFileReference; fileEncoding = 4; lastKnownFileType = sourcecode.c.objc; path = RKFrame.m; sourceTree = "<group>"; };
		F523FBD71CDA36880064F45E /* RKPackage.h */ = {isa = PBXFileReference; fileEncoding = 4; lastKnownFileType = sourcecode.c.h; path = RKPackage.h; sourceTree = "<group>"; };
		F523FBD81CDA36880064F45E /* RKPackage.m */ = {isa = PBXFileReference; fileEncoding = 4; lastKnownFileType = sourcecode.c.objc; path = RKPackage.m; sourceTree = "<group>"; };
		F523FBD91CDA36880064F45E /* UpgradeManager.h */ = {isa = PBXFileReference; fileEncoding = 4; lastKnownFileType = sourcecode.c.h; path = UpgradeManager.h; sourceTree = "<group>"; };
		F523FBDA1CDA36880064F45E /* UpgradeManager.m */ = {isa = PBXFileReference; fileEncoding = 4; lastKnownFileType = sourcecode.c.objc; path = UpgradeManager.m; sourceTree = "<group>"; };
		F523FBDB1CDA36880064F45E /* RequestQueue.h */ = {isa = PBXFileReference; fileEncoding = 4; lastKnownFileType = sourcecode.c.h; path = RequestQueue.h; sourceTree = "<group>"; };
		F523FBDC1CDA36880064F45E /* RequestQueue.m */ = {isa = PBXFileReference; fileEncoding = 4; lastKnownFileType = sourcecode.c.objc; path = RequestQueue.m; sourceTree = "<group>"; };
		F523FBDD1CDA36880064F45E /* Response.h */ = {isa = PBXFileReference; fileEncoding = 4; lastKnownFileType = sourcecode.c.h; path = Response.h; sourceTree = "<group>"; };
		F523FBDE1CDA36880064F45E /* Response.m */ = {isa = PBXFileReference; fileEncoding = 4; lastKnownFileType = sourcecode.c.objc; path = Response.m; sourceTree = "<group>"; };
		F523FBDF1CDA36880064F45E /* ResponseDelivery.h */ = {isa = PBXFileReference; fileEncoding = 4; lastKnownFileType = sourcecode.c.h; path = ResponseDelivery.h; sourceTree = "<group>"; };
		F523FBE01CDA36880064F45E /* RetryPolicy.h */ = {isa = PBXFileReference; fileEncoding = 4; lastKnownFileType = sourcecode.c.h; path = RetryPolicy.h; sourceTree = "<group>"; };
		F523FBE11CDA36880064F45E /* RKBLEDispatcher.h */ = {isa = PBXFileReference; fileEncoding = 4; lastKnownFileType = sourcecode.c.h; path = RKBLEDispatcher.h; sourceTree = "<group>"; };
		F523FBE21CDA36880064F45E /* RKBLEDispatcher.m */ = {isa = PBXFileReference; fileEncoding = 4; lastKnownFileType = sourcecode.c.objc; path = RKBLEDispatcher.m; sourceTree = "<group>"; };
		F523FBE31CDA36880064F45E /* RKBLEUtil.h */ = {isa = PBXFileReference; fileEncoding = 4; lastKnownFileType = sourcecode.c.h; path = RKBLEUtil.h; sourceTree = "<group>"; };
		F523FBE41CDA36880064F45E /* RKBLEUtil.m */ = {isa = PBXFileReference; fileEncoding = 4; lastKnownFileType = sourcecode.c.objc; path = RKBLEUtil.m; sourceTree = "<group>"; };
		F523FBE51CDA36880064F45E /* RKBlockingQueue.h */ = {isa = PBXFileReference; fileEncoding = 4; lastKnownFileType = sourcecode.c.h; path = RKBlockingQueue.h; sourceTree = "<group>"; };
		F523FBE61CDA36880064F45E /* RKBlockingQueue.m */ = {isa = PBXFileReference; fileEncoding = 4; lastKnownFileType = sourcecode.c.objc; path = RKBlockingQueue.m; sourceTree = "<group>"; };
		F523FBE71CDA36880064F45E /* Runnable.h */ = {isa = PBXFileReference; fileEncoding = 4; lastKnownFileType = sourcecode.c.h; path = Runnable.h; sourceTree = "<group>"; };
		FFF98A275E40044DB1448183 /* Pods_RokyinfoBLEDemo.framework */ = {isa = PBXFileReference; explicitFileType = wrapper.framework; includeInIndex = 0; path = Pods_RokyinfoBLEDemo.framework; sourceTree = BUILT_PRODUCTS_DIR; };
/* End PBXFileReference section */

/* Begin PBXFrameworksBuildPhase section */
		18C93E391C8EDAD000BDD086 /* Frameworks */ = {
			isa = PBXFrameworksBuildPhase;
			buildActionMask = 2147483647;
			files = (
				18972CBF1CF531DD00F89EAE /* AVFoundation.framework in Frameworks */,
				4D48CCBB2D3CC23E0FEEC4DB /* Pods_RokyinfoBLEDemo.framework in Frameworks */,
			);
			runOnlyForDeploymentPostprocessing = 0;
		};
		18C93E521C8EDAD000BDD086 /* Frameworks */ = {
			isa = PBXFrameworksBuildPhase;
			buildActionMask = 2147483647;
			files = (
				D0653310128AAD48F860DE7C /* Pods_RokyinfoBLEDemoTests.framework in Frameworks */,
			);
			runOnlyForDeploymentPostprocessing = 0;
		};
/* End PBXFrameworksBuildPhase section */

/* Begin PBXGroup section */
		18C93E331C8EDAD000BDD086 = {
			isa = PBXGroup;
			children = (
				F523FBB61CDA36880064F45E /* RKBluetoothLE-iOS */,
				18C93E3E1C8EDAD000BDD086 /* RokyinfoBLEDemo */,
				18C93E581C8EDAD000BDD086 /* RokyinfoBLEDemoTests */,
				18C93E3D1C8EDAD000BDD086 /* Products */,
				6CA9DBF5E7FE6DED375B02CB /* Pods */,
				EBF2083E05A9869DDAD65A1C /* Frameworks */,
			);
			sourceTree = "<group>";
		};
		18C93E3D1C8EDAD000BDD086 /* Products */ = {
			isa = PBXGroup;
			children = (
				18C93E3C1C8EDAD000BDD086 /* RokyinfoBLEDemo.app */,
				18C93E551C8EDAD000BDD086 /* RokyinfoBLEDemoTests.xctest */,
			);
			name = Products;
			sourceTree = "<group>";
		};
		18C93E3E1C8EDAD000BDD086 /* RokyinfoBLEDemo */ = {
			isa = PBXGroup;
			children = (
				18B4404B1C992DEB00B15823 /* BLEDataProtocol.h */,
				18B4404C1C992DEB00B15823 /* BLEDataProtocol.m */,
				18C93E421C8EDAD000BDD086 /* AppDelegate.h */,
				18C93E431C8EDAD000BDD086 /* AppDelegate.m */,
				18C93E481C8EDAD000BDD086 /* Main.storyboard */,
				18C93E4B1C8EDAD000BDD086 /* Assets.xcassets */,
				18C93E4D1C8EDAD000BDD086 /* LaunchScreen.storyboard */,
				18C93E501C8EDAD000BDD086 /* Info.plist */,
				18C93E3F1C8EDAD000BDD086 /* Supporting Files */,
				18972CBC1CF5300C00F89EAE /* sound.caf */,
				1876304F1CD9DC6C005C3270 /* testfile.strings */,
				188946511CEEAFB5002719C3 /* SC6530_RK4101_stone.bin */,
				187C72A01CD9EEE500503B02 /* File.rtf */,
				18FA208B1CE5A91D0002E9C2 /* MainTableViewController.h */,
				18FA208C1CE5A91D0002E9C2 /* MainTableViewController.m */,
				18FA208E1CE5AC200002E9C2 /* UpgradeViewController.h */,
				18FA208F1CE5AC200002E9C2 /* UpgradeViewController.m */,
			);
			path = RokyinfoBLEDemo;
			sourceTree = "<group>";
		};
		18C93E3F1C8EDAD000BDD086 /* Supporting Files */ = {
			isa = PBXGroup;
			children = (
				18C93E401C8EDAD000BDD086 /* main.m */,
			);
			name = "Supporting Files";
			sourceTree = "<group>";
		};
		18C93E581C8EDAD000BDD086 /* RokyinfoBLEDemoTests */ = {
			isa = PBXGroup;
			children = (
				18C93E591C8EDAD000BDD086 /* RokyinfoBLEDemoTests.m */,
				18C93E5B1C8EDAD000BDD086 /* Info.plist */,
			);
			path = RokyinfoBLEDemoTests;
			sourceTree = "<group>";
		};
		6CA9DBF5E7FE6DED375B02CB /* Pods */ = {
			isa = PBXGroup;
			children = (
				395F984CD11EABC71FE93967 /* Pods-RokyinfoBLEDemo.debug.xcconfig */,
				E5146E0FF7EDD8D5ADD99063 /* Pods-RokyinfoBLEDemo.release.xcconfig */,
				9CED58929475A5B4DB4710BD /* Pods-RokyinfoBLEDemoTests.debug.xcconfig */,
				62A5A06ED4B8B8CDE4B45FF2 /* Pods-RokyinfoBLEDemoTests.release.xcconfig */,
			);
			name = Pods;
			sourceTree = "<group>";
		};
		EBF2083E05A9869DDAD65A1C /* Frameworks */ = {
			isa = PBXGroup;
			children = (
				18972CBE1CF531DD00F89EAE /* AVFoundation.framework */,
				188190D41CE488B800E48CE3 /* libicucore.tbd */,
				FFF98A275E40044DB1448183 /* Pods_RokyinfoBLEDemo.framework */,
				516EB001CF1C21F26D284D82 /* Pods_RokyinfoBLEDemoTests.framework */,
			);
			name = Frameworks;
			sourceTree = "<group>";
		};
		F523FBB61CDA36880064F45E /* RKBluetoothLE-iOS */ = {
			isa = PBXGroup;
			children = (
				F523FBB71CDA36880064F45E /* Assets */,
				F523FBB91CDA36880064F45E /* Classes */,
			);
			name = "RKBluetoothLE-iOS";
			path = "../RKBluetoothLE-iOS";
			sourceTree = "<group>";
		};
		F523FBB71CDA36880064F45E /* Assets */ = {
			isa = PBXGroup;
			children = (
				F523FBB81CDA36880064F45E /* .gitkeep */,
			);
			path = Assets;
			sourceTree = "<group>";
		};
		F523FBB91CDA36880064F45E /* Classes */ = {
			isa = PBXGroup;
			children = (
				F523FBC81CDA36880064F45E /* Protocol */,
				F523FBBB1CDA36880064F45E /* BLERequest.h */,
				F523FBBC1CDA36880064F45E /* BLERequest.m */,
				F523FBBD1CDA36880064F45E /* BLEResponse.h */,
				F523FBBE1CDA36880064F45E /* BLEResponse.m */,
				F523FBBF1CDA36880064F45E /* BLEStack.h */,
				F523FBC01CDA36880064F45E /* BLEStack.m */,
				F523FBC11CDA36880064F45E /* Bluetooth.h */,
				F523FBC21CDA36880064F45E /* DefaultBLEDataParseProtocol.h */,
				F523FBC31CDA36880064F45E /* DefaultBLEDataParseProtocol.m */,
				F523FBC41CDA36880064F45E /* DefaultRetryPolicy.h */,
				F523FBC51CDA36880064F45E /* DefaultRetryPolicy.m */,
				F523FBC61CDA36880064F45E /* ExecutorDelivery.h */,
				F523FBC71CDA36880064F45E /* ExecutorDelivery.m */,
				F523FBDB1CDA36880064F45E /* RequestQueue.h */,
				F523FBDC1CDA36880064F45E /* RequestQueue.m */,
				F523FBDD1CDA36880064F45E /* Response.h */,
				F523FBDE1CDA36880064F45E /* Response.m */,
				F523FBDF1CDA36880064F45E /* ResponseDelivery.h */,
				F523FBE01CDA36880064F45E /* RetryPolicy.h */,
				F523FBE11CDA36880064F45E /* RKBLEDispatcher.h */,
				F523FBE21CDA36880064F45E /* RKBLEDispatcher.m */,
				F523FBE31CDA36880064F45E /* RKBLEUtil.h */,
				F523FBE41CDA36880064F45E /* RKBLEUtil.m */,
				F523FBE51CDA36880064F45E /* RKBlockingQueue.h */,
				F523FBE61CDA36880064F45E /* RKBlockingQueue.m */,
				F523FBE71CDA36880064F45E /* Runnable.h */,
				18FA20881CE57D8E0002E9C2 /* BleLog.h */,
				18FA20891CE57D8E0002E9C2 /* BleLog.m */,
			);
			path = Classes;
			sourceTree = "<group>";
		};
		F523FBC81CDA36880064F45E /* Protocol */ = {
			isa = PBXGroup;
			children = (
				F523FC001CDA36FA0064F45E /* Model */,
				F523FBFE1CDA36CE0064F45E /* Util */,
				F523FBFF1CDA36D80064F45E /* Upgrade */,
				F523FBD11CDA36880064F45E /* RK410APIService.h */,
				F523FBD21CDA36880064F45E /* RK410APIService.m */,
				F523FBD31CDA36880064F45E /* RkBluetoothClient.h */,
				F523FBD41CDA36880064F45E /* RkBluetoothClient.m */,
			);
			path = Protocol;
			sourceTree = "<group>";
		};
		F523FBFE1CDA36CE0064F45E /* Util */ = {
			isa = PBXGroup;
			children = (
				183F14471CDAE49A00878F3D /* RkFieldConverter.h */,
				F523FBC91CDA36880064F45E /* ByteConvert.h */,
				F523FBCA1CDA36880064F45E /* ByteConvert.m */,
				F523FBCB1CDA36880064F45E /* crc8_16.c */,
				F523FBCC1CDA36880064F45E /* crc8_16.h */,
			);
			name = Util;
			sourceTree = "<group>";
		};
		F523FBFF1CDA36D80064F45E /* Upgrade */ = {
			isa = PBXGroup;
			children = (
				F523FBCD1CDA36880064F45E /* Firmware.h */,
				F523FBCE1CDA36880064F45E /* Firmware.m */,
				F523FBD51CDA36880064F45E /* RKFrame.h */,
				F523FBD61CDA36880064F45E /* RKFrame.m */,
				F523FBD71CDA36880064F45E /* RKPackage.h */,
				F523FBD81CDA36880064F45E /* RKPackage.m */,
				F523FBD91CDA36880064F45E /* UpgradeManager.h */,
				F523FBDA1CDA36880064F45E /* UpgradeManager.m */,
				18A1E9291CF2EC7700358147 /* UpgradeProgress.h */,
				18A1E92A1CF2EC7700358147 /* UpgradeProgress.m */,
			);
			name = Upgrade;
			sourceTree = "<group>";
		};
		F523FC001CDA36FA0064F45E /* Model */ = {
			isa = PBXGroup;
			children = (
				F523FBCF1CDA36880064F45E /* RemoteControlResult.h */,
				F523FBD01CDA36880064F45E /* RemoteControlResult.m */,
				183F14441CDAE29D00878F3D /* VehicleStatus.h */,
				183F14451CDAE29D00878F3D /* VehicleStatus.m */,
				183F14481CDAE95300878F3D /* Fault.h */,
				183F14491CDAE95300878F3D /* Fault.m */,
				18DC0B8B1CE050F100C37A84 /* ECUParameter.h */,
				18DC0B8C1CE050F100C37A84 /* ECUParameter.m */,
				18DC0B8E1CE065C100C37A84 /* BaseParameter.h */,
				18DC0B8F1CE065C100C37A84 /* BaseParameter.m */,
				18DC0BC31CE07F4B00C37A84 /* ConfigResult.h */,
				18DC0BC41CE07F4B00C37A84 /* ConfigResult.m */,
				188190CB1CE4766300E48CE3 /* BaseUpgradeResponse.h */,
				188190CC1CE4766300E48CE3 /* BaseUpgradeResponse.m */,
				188190C51CE46DFF00E48CE3 /* RequestUpgradeResponse.h */,
				188190C61CE46DFF00E48CE3 /* RequestUpgradeResponse.m */,
				188190C81CE4756600E48CE3 /* RequestPackageResponse.h */,
				188190C91CE4756600E48CE3 /* RequestPackageResponse.m */,
				188190CE1CE47FB500E48CE3 /* FinishPackageResponse.h */,
				188190CF1CE47FB500E48CE3 /* FinishPackageResponse.m */,
				188190D11CE480BF00E48CE3 /* MD5CheckResponse.h */,
				188190D21CE480BF00E48CE3 /* MD5CheckResponse.m */,
			);
			name = Model;
			sourceTree = "<group>";
		};
/* End PBXGroup section */

/* Begin PBXNativeTarget section */
		18C93E3B1C8EDAD000BDD086 /* RokyinfoBLEDemo */ = {
			isa = PBXNativeTarget;
			buildConfigurationList = 18C93E5E1C8EDAD000BDD086 /* Build configuration list for PBXNativeTarget "RokyinfoBLEDemo" */;
			buildPhases = (
				22CA8E68DCAD8E5CC2E6FAD6 /* 📦 Check Pods Manifest.lock */,
				18C93E381C8EDAD000BDD086 /* Sources */,
				18C93E391C8EDAD000BDD086 /* Frameworks */,
				18C93E3A1C8EDAD000BDD086 /* Resources */,
				807E07C85C09F64079E92AF3 /* 📦 Embed Pods Frameworks */,
				52E19B6936B327C43758DBDF /* 📦 Copy Pods Resources */,
			);
			buildRules = (
			);
			dependencies = (
			);
			name = RokyinfoBLEDemo;
			productName = RokyinfoBLEDemo;
			productReference = 18C93E3C1C8EDAD000BDD086 /* RokyinfoBLEDemo.app */;
			productType = "com.apple.product-type.application";
		};
		18C93E541C8EDAD000BDD086 /* RokyinfoBLEDemoTests */ = {
			isa = PBXNativeTarget;
			buildConfigurationList = 18C93E611C8EDAD000BDD086 /* Build configuration list for PBXNativeTarget "RokyinfoBLEDemoTests" */;
			buildPhases = (
				03B444609A5E820731663D34 /* 📦 Check Pods Manifest.lock */,
				18C93E511C8EDAD000BDD086 /* Sources */,
				18C93E521C8EDAD000BDD086 /* Frameworks */,
				18C93E531C8EDAD000BDD086 /* Resources */,
				519E9DE374174513412448C8 /* 📦 Embed Pods Frameworks */,
				99779309490CE5BBD139BC1E /* 📦 Copy Pods Resources */,
			);
			buildRules = (
			);
			dependencies = (
				18C93E571C8EDAD000BDD086 /* PBXTargetDependency */,
			);
			name = RokyinfoBLEDemoTests;
			productName = RokyinfoBLEDemoTests;
			productReference = 18C93E551C8EDAD000BDD086 /* RokyinfoBLEDemoTests.xctest */;
			productType = "com.apple.product-type.bundle.unit-test";
		};
/* End PBXNativeTarget section */

/* Begin PBXProject section */
		18C93E341C8EDAD000BDD086 /* Project object */ = {
			isa = PBXProject;
			attributes = {
				LastUpgradeCheck = 0720;
				ORGANIZATIONNAME = rokyinfo;
				TargetAttributes = {
					18C93E3B1C8EDAD000BDD086 = {
						CreatedOnToolsVersion = 7.2.1;
					};
					18C93E541C8EDAD000BDD086 = {
						CreatedOnToolsVersion = 7.2.1;
						TestTargetID = 18C93E3B1C8EDAD000BDD086;
					};
				};
			};
			buildConfigurationList = 18C93E371C8EDAD000BDD086 /* Build configuration list for PBXProject "RokyinfoBLEDemo" */;
			compatibilityVersion = "Xcode 3.2";
			developmentRegion = English;
			hasScannedForEncodings = 0;
			knownRegions = (
				en,
				Base,
			);
			mainGroup = 18C93E331C8EDAD000BDD086;
			productRefGroup = 18C93E3D1C8EDAD000BDD086 /* Products */;
			projectDirPath = "";
			projectRoot = "";
			targets = (
				18C93E3B1C8EDAD000BDD086 /* RokyinfoBLEDemo */,
				18C93E541C8EDAD000BDD086 /* RokyinfoBLEDemoTests */,
			);
		};
/* End PBXProject section */

/* Begin PBXResourcesBuildPhase section */
		18C93E3A1C8EDAD000BDD086 /* Resources */ = {
			isa = PBXResourcesBuildPhase;
			buildActionMask = 2147483647;
			files = (
				187C72A11CD9EEE500503B02 /* File.rtf in Resources */,
				187630501CD9DC6C005C3270 /* testfile.strings in Resources */,
				18972CBD1CF5300C00F89EAE /* sound.caf in Resources */,
				188946521CEEAFB5002719C3 /* SC6530_RK4101_stone.bin in Resources */,
				18C93E4F1C8EDAD000BDD086 /* LaunchScreen.storyboard in Resources */,
				F523FBE81CDA36880064F45E /* .gitkeep in Resources */,
				18C93E4C1C8EDAD000BDD086 /* Assets.xcassets in Resources */,
				18C93E4A1C8EDAD000BDD086 /* Main.storyboard in Resources */,
			);
			runOnlyForDeploymentPostprocessing = 0;
		};
		18C93E531C8EDAD000BDD086 /* Resources */ = {
			isa = PBXResourcesBuildPhase;
			buildActionMask = 2147483647;
			files = (
			);
			runOnlyForDeploymentPostprocessing = 0;
		};
/* End PBXResourcesBuildPhase section */

/* Begin PBXShellScriptBuildPhase section */
		03B444609A5E820731663D34 /* 📦 Check Pods Manifest.lock */ = {
			isa = PBXShellScriptBuildPhase;
			buildActionMask = 2147483647;
			files = (
			);
			inputPaths = (
			);
			name = "📦 Check Pods Manifest.lock";
			outputPaths = (
			);
			runOnlyForDeploymentPostprocessing = 0;
			shellPath = /bin/sh;
			shellScript = "diff \"${PODS_ROOT}/../Podfile.lock\" \"${PODS_ROOT}/Manifest.lock\" > /dev/null\nif [[ $? != 0 ]] ; then\n    cat << EOM\nerror: The sandbox is not in sync with the Podfile.lock. Run 'pod install' or update your CocoaPods installation.\nEOM\n    exit 1\nfi\n";
			showEnvVarsInLog = 0;
		};
		22CA8E68DCAD8E5CC2E6FAD6 /* 📦 Check Pods Manifest.lock */ = {
			isa = PBXShellScriptBuildPhase;
			buildActionMask = 2147483647;
			files = (
			);
			inputPaths = (
			);
			name = "📦 Check Pods Manifest.lock";
			outputPaths = (
			);
			runOnlyForDeploymentPostprocessing = 0;
			shellPath = /bin/sh;
			shellScript = "diff \"${PODS_ROOT}/../Podfile.lock\" \"${PODS_ROOT}/Manifest.lock\" > /dev/null\nif [[ $? != 0 ]] ; then\n    cat << EOM\nerror: The sandbox is not in sync with the Podfile.lock. Run 'pod install' or update your CocoaPods installation.\nEOM\n    exit 1\nfi\n";
			showEnvVarsInLog = 0;
		};
		519E9DE374174513412448C8 /* 📦 Embed Pods Frameworks */ = {
			isa = PBXShellScriptBuildPhase;
			buildActionMask = 2147483647;
			files = (
			);
			inputPaths = (
			);
			name = "📦 Embed Pods Frameworks";
			outputPaths = (
			);
			runOnlyForDeploymentPostprocessing = 0;
			shellPath = /bin/sh;
			shellScript = "\"${SRCROOT}/Pods/Target Support Files/Pods-RokyinfoBLEDemoTests/Pods-RokyinfoBLEDemoTests-frameworks.sh\"\n";
			showEnvVarsInLog = 0;
		};
		52E19B6936B327C43758DBDF /* 📦 Copy Pods Resources */ = {
			isa = PBXShellScriptBuildPhase;
			buildActionMask = 2147483647;
			files = (
			);
			inputPaths = (
			);
			name = "📦 Copy Pods Resources";
			outputPaths = (
			);
			runOnlyForDeploymentPostprocessing = 0;
			shellPath = /bin/sh;
			shellScript = "\"${SRCROOT}/Pods/Target Support Files/Pods-RokyinfoBLEDemo/Pods-RokyinfoBLEDemo-resources.sh\"\n";
			showEnvVarsInLog = 0;
		};
		807E07C85C09F64079E92AF3 /* 📦 Embed Pods Frameworks */ = {
			isa = PBXShellScriptBuildPhase;
			buildActionMask = 2147483647;
			files = (
			);
			inputPaths = (
			);
			name = "📦 Embed Pods Frameworks";
			outputPaths = (
			);
			runOnlyForDeploymentPostprocessing = 0;
			shellPath = /bin/sh;
			shellScript = "\"${SRCROOT}/Pods/Target Support Files/Pods-RokyinfoBLEDemo/Pods-RokyinfoBLEDemo-frameworks.sh\"\n";
			showEnvVarsInLog = 0;
		};
		99779309490CE5BBD139BC1E /* 📦 Copy Pods Resources */ = {
			isa = PBXShellScriptBuildPhase;
			buildActionMask = 2147483647;
			files = (
			);
			inputPaths = (
			);
			name = "📦 Copy Pods Resources";
			outputPaths = (
			);
			runOnlyForDeploymentPostprocessing = 0;
			shellPath = /bin/sh;
			shellScript = "\"${SRCROOT}/Pods/Target Support Files/Pods-RokyinfoBLEDemoTests/Pods-RokyinfoBLEDemoTests-resources.sh\"\n";
			showEnvVarsInLog = 0;
		};
/* End PBXShellScriptBuildPhase section */

/* Begin PBXSourcesBuildPhase section */
		18C93E381C8EDAD000BDD086 /* Sources */ = {
			isa = PBXSourcesBuildPhase;
			buildActionMask = 2147483647;
			files = (
				F523FBF51CDA36880064F45E /* RkBluetoothClient.m in Sources */,
				F523FBF41CDA36880064F45E /* RK410APIService.m in Sources */,
				188190CD1CE4766300E48CE3 /* BaseUpgradeResponse.m in Sources */,
				188190CA1CE4756600E48CE3 /* RequestPackageResponse.m in Sources */,
				18DC0B901CE065C100C37A84 /* BaseParameter.m in Sources */,
				F523FBF11CDA36880064F45E /* crc8_16.c in Sources */,
				18FA208A1CE57D8E0002E9C2 /* BleLog.m in Sources */,
				F523FBF91CDA36880064F45E /* RequestQueue.m in Sources */,
				18FA208D1CE5A91D0002E9C2 /* MainTableViewController.m in Sources */,
				F523FBF21CDA36880064F45E /* Firmware.m in Sources */,
				F523FBF61CDA36880064F45E /* RKFrame.m in Sources */,
				F523FBEE1CDA36880064F45E /* DefaultRetryPolicy.m in Sources */,
				18A1E92B1CF2EC7700358147 /* UpgradeProgress.m in Sources */,
				18FA20901CE5AC200002E9C2 /* UpgradeViewController.m in Sources */,
				F523FBF71CDA36880064F45E /* RKPackage.m in Sources */,
				F523FBFB1CDA36880064F45E /* RKBLEDispatcher.m in Sources */,
				183F144A1CDAE95300878F3D /* Fault.m in Sources */,
				F523FBFC1CDA36880064F45E /* RKBLEUtil.m in Sources */,
				F523FBFA1CDA36880064F45E /* Response.m in Sources */,
				18DC0B8D1CE050F100C37A84 /* ECUParameter.m in Sources */,
				F523FBEF1CDA36880064F45E /* ExecutorDelivery.m in Sources */,
				188190D31CE480BF00E48CE3 /* MD5CheckResponse.m in Sources */,
				F523FBEA1CDA36880064F45E /* BLERequest.m in Sources */,
				183F14461CDAE29D00878F3D /* VehicleStatus.m in Sources */,
				F523FBF01CDA36880064F45E /* ByteConvert.m in Sources */,
				F523FBEB1CDA36880064F45E /* BLEResponse.m in Sources */,
				F523FBEC1CDA36880064F45E /* BLEStack.m in Sources */,
				188190D01CE47FB500E48CE3 /* FinishPackageResponse.m in Sources */,
				188190C71CE46DFF00E48CE3 /* RequestUpgradeResponse.m in Sources */,
				18DC0BC51CE07F4B00C37A84 /* ConfigResult.m in Sources */,
				18C93E441C8EDAD000BDD086 /* AppDelegate.m in Sources */,
				F523FBF81CDA36880064F45E /* UpgradeManager.m in Sources */,
				18C93E411C8EDAD000BDD086 /* main.m in Sources */,
				F523FBF31CDA36880064F45E /* RemoteControlResult.m in Sources */,
				18B4404D1C992DEB00B15823 /* BLEDataProtocol.m in Sources */,
				F523FBED1CDA36880064F45E /* DefaultBLEDataParseProtocol.m in Sources */,
				F523FBFD1CDA36880064F45E /* RKBlockingQueue.m in Sources */,
			);
			runOnlyForDeploymentPostprocessing = 0;
		};
		18C93E511C8EDAD000BDD086 /* Sources */ = {
			isa = PBXSourcesBuildPhase;
			buildActionMask = 2147483647;
			files = (
				18B4404E1C992DEB00B15823 /* BLEDataProtocol.m in Sources */,
				18C93E5A1C8EDAD000BDD086 /* RokyinfoBLEDemoTests.m in Sources */,
			);
			runOnlyForDeploymentPostprocessing = 0;
		};
/* End PBXSourcesBuildPhase section */

/* Begin PBXTargetDependency section */
		18C93E571C8EDAD000BDD086 /* PBXTargetDependency */ = {
			isa = PBXTargetDependency;
			target = 18C93E3B1C8EDAD000BDD086 /* RokyinfoBLEDemo */;
			targetProxy = 18C93E561C8EDAD000BDD086 /* PBXContainerItemProxy */;
		};
/* End PBXTargetDependency section */

/* Begin PBXVariantGroup section */
		18C93E481C8EDAD000BDD086 /* Main.storyboard */ = {
			isa = PBXVariantGroup;
			children = (
				18C93E491C8EDAD000BDD086 /* Base */,
			);
			name = Main.storyboard;
			sourceTree = "<group>";
		};
		18C93E4D1C8EDAD000BDD086 /* LaunchScreen.storyboard */ = {
			isa = PBXVariantGroup;
			children = (
				18C93E4E1C8EDAD000BDD086 /* Base */,
			);
			name = LaunchScreen.storyboard;
			sourceTree = "<group>";
		};
/* End PBXVariantGroup section */

/* Begin XCBuildConfiguration section */
		18C93E5C1C8EDAD000BDD086 /* Debug */ = {
			isa = XCBuildConfiguration;
			buildSettings = {
				ALWAYS_SEARCH_USER_PATHS = NO;
				CLANG_CXX_LANGUAGE_STANDARD = "gnu++0x";
				CLANG_CXX_LIBRARY = "libc++";
				CLANG_ENABLE_MODULES = YES;
				CLANG_ENABLE_OBJC_ARC = YES;
				CLANG_WARN_BOOL_CONVERSION = YES;
				CLANG_WARN_CONSTANT_CONVERSION = YES;
				CLANG_WARN_DIRECT_OBJC_ISA_USAGE = YES_ERROR;
				CLANG_WARN_EMPTY_BODY = YES;
				CLANG_WARN_ENUM_CONVERSION = YES;
				CLANG_WARN_INT_CONVERSION = YES;
				CLANG_WARN_OBJC_ROOT_CLASS = YES_ERROR;
				CLANG_WARN_UNREACHABLE_CODE = YES;
				CLANG_WARN__DUPLICATE_METHOD_MATCH = YES;
				"CODE_SIGN_IDENTITY[sdk=iphoneos*]" = "iPhone Developer";
				COPY_PHASE_STRIP = NO;
				DEBUG_INFORMATION_FORMAT = dwarf;
				ENABLE_STRICT_OBJC_MSGSEND = YES;
				ENABLE_TESTABILITY = YES;
				GCC_C_LANGUAGE_STANDARD = gnu99;
				GCC_DYNAMIC_NO_PIC = NO;
				GCC_NO_COMMON_BLOCKS = YES;
				GCC_OPTIMIZATION_LEVEL = 0;
				GCC_PREPROCESSOR_DEFINITIONS = (
					"DEBUG=1",
					"$(inherited)",
				);
				GCC_WARN_64_TO_32_BIT_CONVERSION = YES;
				GCC_WARN_ABOUT_RETURN_TYPE = YES_ERROR;
				GCC_WARN_UNDECLARED_SELECTOR = YES;
				GCC_WARN_UNINITIALIZED_AUTOS = YES_AGGRESSIVE;
				GCC_WARN_UNUSED_FUNCTION = YES;
				GCC_WARN_UNUSED_VARIABLE = YES;
				IPHONEOS_DEPLOYMENT_TARGET = 9.2;
				MTL_ENABLE_DEBUG_INFO = YES;
				ONLY_ACTIVE_ARCH = YES;
				SDKROOT = iphoneos;
				TARGETED_DEVICE_FAMILY = "1,2";
			};
			name = Debug;
		};
		18C93E5D1C8EDAD000BDD086 /* Release */ = {
			isa = XCBuildConfiguration;
			buildSettings = {
				ALWAYS_SEARCH_USER_PATHS = NO;
				CLANG_CXX_LANGUAGE_STANDARD = "gnu++0x";
				CLANG_CXX_LIBRARY = "libc++";
				CLANG_ENABLE_MODULES = YES;
				CLANG_ENABLE_OBJC_ARC = YES;
				CLANG_WARN_BOOL_CONVERSION = YES;
				CLANG_WARN_CONSTANT_CONVERSION = YES;
				CLANG_WARN_DIRECT_OBJC_ISA_USAGE = YES_ERROR;
				CLANG_WARN_EMPTY_BODY = YES;
				CLANG_WARN_ENUM_CONVERSION = YES;
				CLANG_WARN_INT_CONVERSION = YES;
				CLANG_WARN_OBJC_ROOT_CLASS = YES_ERROR;
				CLANG_WARN_UNREACHABLE_CODE = YES;
				CLANG_WARN__DUPLICATE_METHOD_MATCH = YES;
				"CODE_SIGN_IDENTITY[sdk=iphoneos*]" = "iPhone Developer";
				COPY_PHASE_STRIP = NO;
				DEBUG_INFORMATION_FORMAT = "dwarf-with-dsym";
				ENABLE_NS_ASSERTIONS = NO;
				ENABLE_STRICT_OBJC_MSGSEND = YES;
				GCC_C_LANGUAGE_STANDARD = gnu99;
				GCC_NO_COMMON_BLOCKS = YES;
				GCC_WARN_64_TO_32_BIT_CONVERSION = YES;
				GCC_WARN_ABOUT_RETURN_TYPE = YES_ERROR;
				GCC_WARN_UNDECLARED_SELECTOR = YES;
				GCC_WARN_UNINITIALIZED_AUTOS = YES_AGGRESSIVE;
				GCC_WARN_UNUSED_FUNCTION = YES;
				GCC_WARN_UNUSED_VARIABLE = YES;
				IPHONEOS_DEPLOYMENT_TARGET = 9.2;
				MTL_ENABLE_DEBUG_INFO = NO;
				SDKROOT = iphoneos;
				TARGETED_DEVICE_FAMILY = "1,2";
				VALIDATE_PRODUCT = YES;
			};
			name = Release;
		};
		18C93E5F1C8EDAD000BDD086 /* Debug */ = {
			isa = XCBuildConfiguration;
			baseConfigurationReference = 395F984CD11EABC71FE93967 /* Pods-RokyinfoBLEDemo.debug.xcconfig */;
			buildSettings = {
				ASSETCATALOG_COMPILER_APPICON_NAME = AppIcon;
				INFOPLIST_FILE = RokyinfoBLEDemo/Info.plist;
				IPHONEOS_DEPLOYMENT_TARGET = 8.0;
				LD_RUNPATH_SEARCH_PATHS = "$(inherited) @executable_path/Frameworks";
				PRODUCT_BUNDLE_IDENTIFIER = com.rokyinfo.RokyinfoBLEDemo;
				PRODUCT_NAME = "$(TARGET_NAME)";
				TARGETED_DEVICE_FAMILY = 1;
			};
			name = Debug;
		};
		18C93E601C8EDAD000BDD086 /* Release */ = {
			isa = XCBuildConfiguration;
			baseConfigurationReference = E5146E0FF7EDD8D5ADD99063 /* Pods-RokyinfoBLEDemo.release.xcconfig */;
			buildSettings = {
				ASSETCATALOG_COMPILER_APPICON_NAME = AppIcon;
				INFOPLIST_FILE = RokyinfoBLEDemo/Info.plist;
				IPHONEOS_DEPLOYMENT_TARGET = 8.0;
				LD_RUNPATH_SEARCH_PATHS = "$(inherited) @executable_path/Frameworks";
				PRODUCT_BUNDLE_IDENTIFIER = com.rokyinfo.RokyinfoBLEDemo;
				PRODUCT_NAME = "$(TARGET_NAME)";
				TARGETED_DEVICE_FAMILY = 1;
			};
			name = Release;
		};
		18C93E621C8EDAD000BDD086 /* Debug */ = {
			isa = XCBuildConfiguration;
			baseConfigurationReference = 9CED58929475A5B4DB4710BD /* Pods-RokyinfoBLEDemoTests.debug.xcconfig */;
			buildSettings = {
				BUNDLE_LOADER = "$(TEST_HOST)";
				INFOPLIST_FILE = RokyinfoBLEDemoTests/Info.plist;
				LD_RUNPATH_SEARCH_PATHS = "$(inherited) @executable_path/Frameworks @loader_path/Frameworks";
				PRODUCT_BUNDLE_IDENTIFIER = com.rokyinfo.RokyinfoBLEDemoTests;
				PRODUCT_NAME = "$(TARGET_NAME)";
				TEST_HOST = "$(BUILT_PRODUCTS_DIR)/RokyinfoBLEDemo.app/RokyinfoBLEDemo";
			};
			name = Debug;
		};
		18C93E631C8EDAD000BDD086 /* Release */ = {
			isa = XCBuildConfiguration;
			baseConfigurationReference = 62A5A06ED4B8B8CDE4B45FF2 /* Pods-RokyinfoBLEDemoTests.release.xcconfig */;
			buildSettings = {
				BUNDLE_LOADER = "$(TEST_HOST)";
				INFOPLIST_FILE = RokyinfoBLEDemoTests/Info.plist;
				LD_RUNPATH_SEARCH_PATHS = "$(inherited) @executable_path/Frameworks @loader_path/Frameworks";
				PRODUCT_BUNDLE_IDENTIFIER = com.rokyinfo.RokyinfoBLEDemoTests;
				PRODUCT_NAME = "$(TARGET_NAME)";
				TEST_HOST = "$(BUILT_PRODUCTS_DIR)/RokyinfoBLEDemo.app/RokyinfoBLEDemo";
			};
			name = Release;
		};
/* End XCBuildConfiguration section */

/* Begin XCConfigurationList section */
		18C93E371C8EDAD000BDD086 /* Build configuration list for PBXProject "RokyinfoBLEDemo" */ = {
			isa = XCConfigurationList;
			buildConfigurations = (
				18C93E5C1C8EDAD000BDD086 /* Debug */,
				18C93E5D1C8EDAD000BDD086 /* Release */,
			);
			defaultConfigurationIsVisible = 0;
			defaultConfigurationName = Release;
		};
		18C93E5E1C8EDAD000BDD086 /* Build configuration list for PBXNativeTarget "RokyinfoBLEDemo" */ = {
			isa = XCConfigurationList;
			buildConfigurations = (
				18C93E5F1C8EDAD000BDD086 /* Debug */,
				18C93E601C8EDAD000BDD086 /* Release */,
			);
			defaultConfigurationIsVisible = 0;
			defaultConfigurationName = Release;
		};
		18C93E611C8EDAD000BDD086 /* Build configuration list for PBXNativeTarget "RokyinfoBLEDemoTests" */ = {
			isa = XCConfigurationList;
			buildConfigurations = (
				18C93E621C8EDAD000BDD086 /* Debug */,
				18C93E631C8EDAD000BDD086 /* Release */,
			);
			defaultConfigurationIsVisible = 0;
			defaultConfigurationName = Release;
		};
/* End XCConfigurationList section */
	};
	rootObject = 18C93E341C8EDAD000BDD086 /* Project object */;
}
