// !$*UTF8*$!
{
	archiveVersion = 1;
	classes = {
	};
	objectVersion = 46;
	objects = {

/* Begin PBXBuildFile section */
		182F78DE1C929E3600AD3652 /* RKBLEUtil.m in Sources */ = {isa = PBXBuildFile; fileRef = 182F78DD1C929E3600AD3652 /* RKBLEUtil.m */; };
		182F78DF1C929E3600AD3652 /* RKBLEUtil.m in Sources */ = {isa = PBXBuildFile; fileRef = 182F78DD1C929E3600AD3652 /* RKBLEUtil.m */; };
		182F78E21C92B08300AD3652 /* BLEStack.m in Sources */ = {isa = PBXBuildFile; fileRef = 182F78E11C92B08300AD3652 /* BLEStack.m */; };
		182F78E31C92B08300AD3652 /* BLEStack.m in Sources */ = {isa = PBXBuildFile; fileRef = 182F78E11C92B08300AD3652 /* BLEStack.m */; };
		184F847A1CAA76AB009016A0 /* RKBLEDispatcher.m in Sources */ = {isa = PBXBuildFile; fileRef = 184F84791CAA76AB009016A0 /* RKBLEDispatcher.m */; };
		186BEF821CB7781B00B08C43 /* DefaultRetryPolicy.m in Sources */ = {isa = PBXBuildFile; fileRef = 186BEF811CB7781B00B08C43 /* DefaultRetryPolicy.m */; };
		186FE3901CD8856300954FF6 /* Firmware.m in Sources */ = {isa = PBXBuildFile; fileRef = 186FE38F1CD8856300954FF6 /* Firmware.m */; };
		186FE3931CD88D9900954FF6 /* RkBluetoothClient.m in Sources */ = {isa = PBXBuildFile; fileRef = 186FE3921CD88D9900954FF6 /* RkBluetoothClient.m */; };
		186FE3961CD897EB00954FF6 /* ByteConvert.m in Sources */ = {isa = PBXBuildFile; fileRef = 186FE3951CD897EB00954FF6 /* ByteConvert.m */; };
		18790DF71C91738500A619DC /* RKFrame.m in Sources */ = {isa = PBXBuildFile; fileRef = 18790DF61C91738500A619DC /* RKFrame.m */; };
		18790DF81C91738500A619DC /* RKFrame.m in Sources */ = {isa = PBXBuildFile; fileRef = 18790DF61C91738500A619DC /* RKFrame.m */; };
		18790DFB1C91739800A619DC /* RKPackage.m in Sources */ = {isa = PBXBuildFile; fileRef = 18790DFA1C91739800A619DC /* RKPackage.m */; };
		18790DFC1C91739800A619DC /* RKPackage.m in Sources */ = {isa = PBXBuildFile; fileRef = 18790DFA1C91739800A619DC /* RKPackage.m */; };
		18863BDE1C9BCD7000F824F6 /* RK410APIService.m in Sources */ = {isa = PBXBuildFile; fileRef = 18863BDD1C9BCD7000F824F6 /* RK410APIService.m */; };
		18863BDF1C9BCD7000F824F6 /* RK410APIService.m in Sources */ = {isa = PBXBuildFile; fileRef = 18863BDD1C9BCD7000F824F6 /* RK410APIService.m */; };
		18B4404D1C992DEB00B15823 /* BLEDataProtocol.m in Sources */ = {isa = PBXBuildFile; fileRef = 18B4404C1C992DEB00B15823 /* BLEDataProtocol.m */; };
		18B4404E1C992DEB00B15823 /* BLEDataProtocol.m in Sources */ = {isa = PBXBuildFile; fileRef = 18B4404C1C992DEB00B15823 /* BLEDataProtocol.m */; };
		18BDDE621CAB60C5006E8C0F /* RKBlockingQueue.m in Sources */ = {isa = PBXBuildFile; fileRef = 18BDDE611CAB60C5006E8C0F /* RKBlockingQueue.m */; };
		18BDDE6B1CAB762A006E8C0F /* Response.m in Sources */ = {isa = PBXBuildFile; fileRef = 18BDDE6A1CAB762A006E8C0F /* Response.m */; };
		18BDDE6E1CAB7674006E8C0F /* BLEResponse.m in Sources */ = {isa = PBXBuildFile; fileRef = 18BDDE6D1CAB7674006E8C0F /* BLEResponse.m */; };
		18C93E411C8EDAD000BDD086 /* main.m in Sources */ = {isa = PBXBuildFile; fileRef = 18C93E401C8EDAD000BDD086 /* main.m */; };
		18C93E441C8EDAD000BDD086 /* AppDelegate.m in Sources */ = {isa = PBXBuildFile; fileRef = 18C93E431C8EDAD000BDD086 /* AppDelegate.m */; };
		18C93E471C8EDAD000BDD086 /* ViewController.m in Sources */ = {isa = PBXBuildFile; fileRef = 18C93E461C8EDAD000BDD086 /* ViewController.m */; };
		18C93E4A1C8EDAD000BDD086 /* Main.storyboard in Resources */ = {isa = PBXBuildFile; fileRef = 18C93E481C8EDAD000BDD086 /* Main.storyboard */; };
		18C93E4C1C8EDAD000BDD086 /* Assets.xcassets in Resources */ = {isa = PBXBuildFile; fileRef = 18C93E4B1C8EDAD000BDD086 /* Assets.xcassets */; };
		18C93E4F1C8EDAD000BDD086 /* LaunchScreen.storyboard in Resources */ = {isa = PBXBuildFile; fileRef = 18C93E4D1C8EDAD000BDD086 /* LaunchScreen.storyboard */; };
		18C93E5A1C8EDAD000BDD086 /* RokyinfoBLEDemoTests.m in Sources */ = {isa = PBXBuildFile; fileRef = 18C93E591C8EDAD000BDD086 /* RokyinfoBLEDemoTests.m */; };
		18CEB5161CB6263100C4EDC5 /* KeyEventResponse.m in Sources */ = {isa = PBXBuildFile; fileRef = 18CEB5151CB6263100C4EDC5 /* KeyEventResponse.m */; };
		18EFD8F61CB65CE4004CD1E2 /* DefaultBLEDataParseProtocol.m in Sources */ = {isa = PBXBuildFile; fileRef = 18EFD8F51CB65CE4004CD1E2 /* DefaultBLEDataParseProtocol.m */; };
		4D48CCBB2D3CC23E0FEEC4DB /* Pods_RokyinfoBLEDemo.framework in Frameworks */ = {isa = PBXBuildFile; fileRef = FFF98A275E40044DB1448183 /* Pods_RokyinfoBLEDemo.framework */; };
		D0653310128AAD48F860DE7C /* Pods_RokyinfoBLEDemoTests.framework in Frameworks */ = {isa = PBXBuildFile; fileRef = 516EB001CF1C21F26D284D82 /* Pods_RokyinfoBLEDemoTests.framework */; };
		F53B69C61CAAB4B500A6B2CB /* RequestQueue.m in Sources */ = {isa = PBXBuildFile; fileRef = F53B69C51CAAB4B500A6B2CB /* RequestQueue.m */; };
		F53B69CA1CAAB74500A6B2CB /* BLERequest.m in Sources */ = {isa = PBXBuildFile; fileRef = F53B69C91CAAB74500A6B2CB /* BLERequest.m */; };
		F53B69D31CAAC25F00A6B2CB /* ExecutorDelivery.m in Sources */ = {isa = PBXBuildFile; fileRef = F53B69D21CAAC25F00A6B2CB /* ExecutorDelivery.m */; };
/* End PBXBuildFile section */

/* Begin PBXContainerItemProxy section */
		18C93E561C8EDAD000BDD086 /* PBXContainerItemProxy */ = {
			isa = PBXContainerItemProxy;
			containerPortal = 18C93E341C8EDAD000BDD086 /* Project object */;
			proxyType = 1;
			remoteGlobalIDString = 18C93E3B1C8EDAD000BDD086;
			remoteInfo = RokyinfoBLEDemo;
		};
/* End PBXContainerItemProxy section */

/* Begin PBXFileReference section */
		182F78DC1C929E3600AD3652 /* RKBLEUtil.h */ = {isa = PBXFileReference; fileEncoding = 4; lastKnownFileType = sourcecode.c.h; path = RKBLEUtil.h; sourceTree = "<group>"; };
		182F78DD1C929E3600AD3652 /* RKBLEUtil.m */ = {isa = PBXFileReference; fileEncoding = 4; lastKnownFileType = sourcecode.c.objc; path = RKBLEUtil.m; sourceTree = "<group>"; };
		182F78E01C92B08300AD3652 /* BLEStack.h */ = {isa = PBXFileReference; fileEncoding = 4; lastKnownFileType = sourcecode.c.h; path = BLEStack.h; sourceTree = "<group>"; };
		182F78E11C92B08300AD3652 /* BLEStack.m */ = {isa = PBXFileReference; fileEncoding = 4; lastKnownFileType = sourcecode.c.objc; path = BLEStack.m; sourceTree = "<group>"; };
		184F84781CAA76AB009016A0 /* RKBLEDispatcher.h */ = {isa = PBXFileReference; fileEncoding = 4; lastKnownFileType = sourcecode.c.h; path = RKBLEDispatcher.h; sourceTree = "<group>"; };
		184F84791CAA76AB009016A0 /* RKBLEDispatcher.m */ = {isa = PBXFileReference; fileEncoding = 4; lastKnownFileType = sourcecode.c.objc; path = RKBLEDispatcher.m; sourceTree = "<group>"; };
		186BEF7F1CB74CC900B08C43 /* RetryPolicy.h */ = {isa = PBXFileReference; fileEncoding = 4; lastKnownFileType = sourcecode.c.h; path = RetryPolicy.h; sourceTree = "<group>"; };
		186BEF801CB7781B00B08C43 /* DefaultRetryPolicy.h */ = {isa = PBXFileReference; fileEncoding = 4; lastKnownFileType = sourcecode.c.h; path = DefaultRetryPolicy.h; sourceTree = "<group>"; };
		186BEF811CB7781B00B08C43 /* DefaultRetryPolicy.m */ = {isa = PBXFileReference; fileEncoding = 4; lastKnownFileType = sourcecode.c.objc; path = DefaultRetryPolicy.m; sourceTree = "<group>"; };
		186FE38E1CD8856300954FF6 /* Firmware.h */ = {isa = PBXFileReference; fileEncoding = 4; lastKnownFileType = sourcecode.c.h; path = Firmware.h; sourceTree = "<group>"; };
		186FE38F1CD8856300954FF6 /* Firmware.m */ = {isa = PBXFileReference; fileEncoding = 4; lastKnownFileType = sourcecode.c.objc; path = Firmware.m; sourceTree = "<group>"; };
		186FE3911CD88D9900954FF6 /* RkBluetoothClient.h */ = {isa = PBXFileReference; fileEncoding = 4; lastKnownFileType = sourcecode.c.h; path = RkBluetoothClient.h; sourceTree = "<group>"; };
		186FE3921CD88D9900954FF6 /* RkBluetoothClient.m */ = {isa = PBXFileReference; fileEncoding = 4; lastKnownFileType = sourcecode.c.objc; path = RkBluetoothClient.m; sourceTree = "<group>"; };
		186FE3941CD897EB00954FF6 /* ByteConvert.h */ = {isa = PBXFileReference; fileEncoding = 4; lastKnownFileType = sourcecode.c.h; path = ByteConvert.h; sourceTree = "<group>"; };
		186FE3951CD897EB00954FF6 /* ByteConvert.m */ = {isa = PBXFileReference; fileEncoding = 4; lastKnownFileType = sourcecode.c.objc; path = ByteConvert.m; sourceTree = "<group>"; };
		18790DF51C91738500A619DC /* RKFrame.h */ = {isa = PBXFileReference; fileEncoding = 4; lastKnownFileType = sourcecode.c.h; path = RKFrame.h; sourceTree = "<group>"; };
		18790DF61C91738500A619DC /* RKFrame.m */ = {isa = PBXFileReference; fileEncoding = 4; lastKnownFileType = sourcecode.c.objc; path = RKFrame.m; sourceTree = "<group>"; };
		18790DF91C91739800A619DC /* RKPackage.h */ = {isa = PBXFileReference; fileEncoding = 4; lastKnownFileType = sourcecode.c.h; path = RKPackage.h; sourceTree = "<group>"; };
		18790DFA1C91739800A619DC /* RKPackage.m */ = {isa = PBXFileReference; fileEncoding = 4; lastKnownFileType = sourcecode.c.objc; path = RKPackage.m; sourceTree = "<group>"; };
		18863BDC1C9BCD7000F824F6 /* RK410APIService.h */ = {isa = PBXFileReference; fileEncoding = 4; lastKnownFileType = sourcecode.c.h; path = RK410APIService.h; sourceTree = "<group>"; };
		18863BDD1C9BCD7000F824F6 /* RK410APIService.m */ = {isa = PBXFileReference; fileEncoding = 4; lastKnownFileType = sourcecode.c.objc; path = RK410APIService.m; sourceTree = "<group>"; };
		18B4404B1C992DEB00B15823 /* BLEDataProtocol.h */ = {isa = PBXFileReference; fileEncoding = 4; lastKnownFileType = sourcecode.c.h; path = BLEDataProtocol.h; sourceTree = "<group>"; };
		18B4404C1C992DEB00B15823 /* BLEDataProtocol.m */ = {isa = PBXFileReference; fileEncoding = 4; lastKnownFileType = sourcecode.c.objc; path = BLEDataProtocol.m; sourceTree = "<group>"; };
		18BDDE601CAB60C5006E8C0F /* RKBlockingQueue.h */ = {isa = PBXFileReference; fileEncoding = 4; lastKnownFileType = sourcecode.c.h; path = RKBlockingQueue.h; sourceTree = "<group>"; };
		18BDDE611CAB60C5006E8C0F /* RKBlockingQueue.m */ = {isa = PBXFileReference; fileEncoding = 4; lastKnownFileType = sourcecode.c.objc; path = RKBlockingQueue.m; sourceTree = "<group>"; };
		18BDDE691CAB762A006E8C0F /* Response.h */ = {isa = PBXFileReference; fileEncoding = 4; lastKnownFileType = sourcecode.c.h; path = Response.h; sourceTree = "<group>"; };
		18BDDE6A1CAB762A006E8C0F /* Response.m */ = {isa = PBXFileReference; fileEncoding = 4; lastKnownFileType = sourcecode.c.objc; path = Response.m; sourceTree = "<group>"; };
		18BDDE6C1CAB7674006E8C0F /* BLEResponse.h */ = {isa = PBXFileReference; fileEncoding = 4; lastKnownFileType = sourcecode.c.h; path = BLEResponse.h; sourceTree = "<group>"; };
		18BDDE6D1CAB7674006E8C0F /* BLEResponse.m */ = {isa = PBXFileReference; fileEncoding = 4; lastKnownFileType = sourcecode.c.objc; path = BLEResponse.m; sourceTree = "<group>"; };
		18C93E3C1C8EDAD000BDD086 /* RokyinfoBLEDemo.app */ = {isa = PBXFileReference; explicitFileType = wrapper.application; includeInIndex = 0; path = RokyinfoBLEDemo.app; sourceTree = BUILT_PRODUCTS_DIR; };
		18C93E401C8EDAD000BDD086 /* main.m */ = {isa = PBXFileReference; lastKnownFileType = sourcecode.c.objc; path = main.m; sourceTree = "<group>"; };
		18C93E421C8EDAD000BDD086 /* AppDelegate.h */ = {isa = PBXFileReference; lastKnownFileType = sourcecode.c.h; path = AppDelegate.h; sourceTree = "<group>"; };
		18C93E431C8EDAD000BDD086 /* AppDelegate.m */ = {isa = PBXFileReference; lastKnownFileType = sourcecode.c.objc; path = AppDelegate.m; sourceTree = "<group>"; };
		18C93E451C8EDAD000BDD086 /* ViewController.h */ = {isa = PBXFileReference; lastKnownFileType = sourcecode.c.h; path = ViewController.h; sourceTree = "<group>"; };
		18C93E461C8EDAD000BDD086 /* ViewController.m */ = {isa = PBXFileReference; lastKnownFileType = sourcecode.c.objc; path = ViewController.m; sourceTree = "<group>"; };
		18C93E491C8EDAD000BDD086 /* Base */ = {isa = PBXFileReference; lastKnownFileType = file.storyboard; name = Base; path = Base.lproj/Main.storyboard; sourceTree = "<group>"; };
		18C93E4B1C8EDAD000BDD086 /* Assets.xcassets */ = {isa = PBXFileReference; lastKnownFileType = folder.assetcatalog; path = Assets.xcassets; sourceTree = "<group>"; };
		18C93E4E1C8EDAD000BDD086 /* Base */ = {isa = PBXFileReference; lastKnownFileType = file.storyboard; name = Base; path = Base.lproj/LaunchScreen.storyboard; sourceTree = "<group>"; };
		18C93E501C8EDAD000BDD086 /* Info.plist */ = {isa = PBXFileReference; lastKnownFileType = text.plist.xml; path = Info.plist; sourceTree = "<group>"; };
		18C93E551C8EDAD000BDD086 /* RokyinfoBLEDemoTests.xctest */ = {isa = PBXFileReference; explicitFileType = wrapper.cfbundle; includeInIndex = 0; path = RokyinfoBLEDemoTests.xctest; sourceTree = BUILT_PRODUCTS_DIR; };
		18C93E591C8EDAD000BDD086 /* RokyinfoBLEDemoTests.m */ = {isa = PBXFileReference; lastKnownFileType = sourcecode.c.objc; path = RokyinfoBLEDemoTests.m; sourceTree = "<group>"; };
		18C93E5B1C8EDAD000BDD086 /* Info.plist */ = {isa = PBXFileReference; lastKnownFileType = text.plist.xml; path = Info.plist; sourceTree = "<group>"; };
		18CEB5141CB6263100C4EDC5 /* KeyEventResponse.h */ = {isa = PBXFileReference; fileEncoding = 4; lastKnownFileType = sourcecode.c.h; path = KeyEventResponse.h; sourceTree = "<group>"; };
		18CEB5151CB6263100C4EDC5 /* KeyEventResponse.m */ = {isa = PBXFileReference; fileEncoding = 4; lastKnownFileType = sourcecode.c.objc; path = KeyEventResponse.m; sourceTree = "<group>"; };
		18EFD8F41CB65CE4004CD1E2 /* DefaultBLEDataParseProtocol.h */ = {isa = PBXFileReference; fileEncoding = 4; lastKnownFileType = sourcecode.c.h; path = DefaultBLEDataParseProtocol.h; sourceTree = "<group>"; };
		18EFD8F51CB65CE4004CD1E2 /* DefaultBLEDataParseProtocol.m */ = {isa = PBXFileReference; fileEncoding = 4; lastKnownFileType = sourcecode.c.objc; path = DefaultBLEDataParseProtocol.m; sourceTree = "<group>"; };
		395F984CD11EABC71FE93967 /* Pods-RokyinfoBLEDemo.debug.xcconfig */ = {isa = PBXFileReference; includeInIndex = 1; lastKnownFileType = text.xcconfig; name = "Pods-RokyinfoBLEDemo.debug.xcconfig"; path = "Pods/Target Support Files/Pods-RokyinfoBLEDemo/Pods-RokyinfoBLEDemo.debug.xcconfig"; sourceTree = "<group>"; };
		516EB001CF1C21F26D284D82 /* Pods_RokyinfoBLEDemoTests.framework */ = {isa = PBXFileReference; explicitFileType = wrapper.framework; includeInIndex = 0; path = Pods_RokyinfoBLEDemoTests.framework; sourceTree = BUILT_PRODUCTS_DIR; };
		62A5A06ED4B8B8CDE4B45FF2 /* Pods-RokyinfoBLEDemoTests.release.xcconfig */ = {isa = PBXFileReference; includeInIndex = 1; lastKnownFileType = text.xcconfig; name = "Pods-RokyinfoBLEDemoTests.release.xcconfig"; path = "Pods/Target Support Files/Pods-RokyinfoBLEDemoTests/Pods-RokyinfoBLEDemoTests.release.xcconfig"; sourceTree = "<group>"; };
		9CED58929475A5B4DB4710BD /* Pods-RokyinfoBLEDemoTests.debug.xcconfig */ = {isa = PBXFileReference; includeInIndex = 1; lastKnownFileType = text.xcconfig; name = "Pods-RokyinfoBLEDemoTests.debug.xcconfig"; path = "Pods/Target Support Files/Pods-RokyinfoBLEDemoTests/Pods-RokyinfoBLEDemoTests.debug.xcconfig"; sourceTree = "<group>"; };
		E5146E0FF7EDD8D5ADD99063 /* Pods-RokyinfoBLEDemo.release.xcconfig */ = {isa = PBXFileReference; includeInIndex = 1; lastKnownFileType = text.xcconfig; name = "Pods-RokyinfoBLEDemo.release.xcconfig"; path = "Pods/Target Support Files/Pods-RokyinfoBLEDemo/Pods-RokyinfoBLEDemo.release.xcconfig"; sourceTree = "<group>"; };
		F53B69C41CAAB4B500A6B2CB /* RequestQueue.h */ = {isa = PBXFileReference; fileEncoding = 4; lastKnownFileType = sourcecode.c.h; path = RequestQueue.h; sourceTree = "<group>"; };
		F53B69C51CAAB4B500A6B2CB /* RequestQueue.m */ = {isa = PBXFileReference; fileEncoding = 4; lastKnownFileType = sourcecode.c.objc; path = RequestQueue.m; sourceTree = "<group>"; };
		F53B69C71CAAB6CA00A6B2CB /* Bluetooth.h */ = {isa = PBXFileReference; fileEncoding = 4; lastKnownFileType = sourcecode.c.h; path = Bluetooth.h; sourceTree = "<group>"; };
		F53B69C81CAAB74500A6B2CB /* BLERequest.h */ = {isa = PBXFileReference; fileEncoding = 4; lastKnownFileType = sourcecode.c.h; path = BLERequest.h; sourceTree = "<group>"; };
		F53B69C91CAAB74500A6B2CB /* BLERequest.m */ = {isa = PBXFileReference; fileEncoding = 4; lastKnownFileType = sourcecode.c.objc; path = BLERequest.m; sourceTree = "<group>"; };
		F53B69CF1CAAC0C000A6B2CB /* ResponseDelivery.h */ = {isa = PBXFileReference; fileEncoding = 4; lastKnownFileType = sourcecode.c.h; path = ResponseDelivery.h; sourceTree = "<group>"; };
		F53B69D01CAAC15900A6B2CB /* Runnable.h */ = {isa = PBXFileReference; fileEncoding = 4; lastKnownFileType = sourcecode.c.h; path = Runnable.h; sourceTree = "<group>"; };
		F53B69D11CAAC25F00A6B2CB /* ExecutorDelivery.h */ = {isa = PBXFileReference; fileEncoding = 4; lastKnownFileType = sourcecode.c.h; path = ExecutorDelivery.h; sourceTree = "<group>"; };
		F53B69D21CAAC25F00A6B2CB /* ExecutorDelivery.m */ = {isa = PBXFileReference; fileEncoding = 4; lastKnownFileType = sourcecode.c.objc; path = ExecutorDelivery.m; sourceTree = "<group>"; };
		FFF98A275E40044DB1448183 /* Pods_RokyinfoBLEDemo.framework */ = {isa = PBXFileReference; explicitFileType = wrapper.framework; includeInIndex = 0; path = Pods_RokyinfoBLEDemo.framework; sourceTree = BUILT_PRODUCTS_DIR; };
/* End PBXFileReference section */

/* Begin PBXFrameworksBuildPhase section */
		18C93E391C8EDAD000BDD086 /* Frameworks */ = {
			isa = PBXFrameworksBuildPhase;
			buildActionMask = 2147483647;
			files = (
				4D48CCBB2D3CC23E0FEEC4DB /* Pods_RokyinfoBLEDemo.framework in Frameworks */,
			);
			runOnlyForDeploymentPostprocessing = 0;
		};
		18C93E521C8EDAD000BDD086 /* Frameworks */ = {
			isa = PBXFrameworksBuildPhase;
			buildActionMask = 2147483647;
			files = (
				D0653310128AAD48F860DE7C /* Pods_RokyinfoBLEDemoTests.framework in Frameworks */,
			);
			runOnlyForDeploymentPostprocessing = 0;
		};
/* End PBXFrameworksBuildPhase section */

/* Begin PBXGroup section */
		183D8F001CAE60E8006F6F3A /* Model */ = {
			isa = PBXGroup;
			children = (
				18CEB5141CB6263100C4EDC5 /* KeyEventResponse.h */,
				18CEB5151CB6263100C4EDC5 /* KeyEventResponse.m */,
			);
			name = Model;
			sourceTree = "<group>";
		};
		186FE3971CD897EF00954FF6 /* Util */ = {
			isa = PBXGroup;
			children = (
				186FE3941CD897EB00954FF6 /* ByteConvert.h */,
				186FE3951CD897EB00954FF6 /* ByteConvert.m */,
			);
			name = Util;
			sourceTree = "<group>";
		};
		18790DF31C91727500A619DC /* Protocol */ = {
			isa = PBXGroup;
			children = (
				186FE3971CD897EF00954FF6 /* Util */,
				183D8F001CAE60E8006F6F3A /* Model */,
				18790DF41C9172A700A619DC /* Upgrade */,
				18863BDC1C9BCD7000F824F6 /* RK410APIService.h */,
				18863BDD1C9BCD7000F824F6 /* RK410APIService.m */,
				186FE3911CD88D9900954FF6 /* RkBluetoothClient.h */,
				186FE3921CD88D9900954FF6 /* RkBluetoothClient.m */,
			);
			name = Protocol;
			path = ../Protocol;
			sourceTree = "<group>";
		};
		18790DF41C9172A700A619DC /* Upgrade */ = {
			isa = PBXGroup;
			children = (
				18790DF51C91738500A619DC /* RKFrame.h */,
				18790DF61C91738500A619DC /* RKFrame.m */,
				18790DF91C91739800A619DC /* RKPackage.h */,
				18790DFA1C91739800A619DC /* RKPackage.m */,
				186FE38E1CD8856300954FF6 /* Firmware.h */,
				186FE38F1CD8856300954FF6 /* Firmware.m */,
			);
			name = Upgrade;
			sourceTree = "<group>";
		};
		18C93E331C8EDAD000BDD086 = {
			isa = PBXGroup;
			children = (
				18790DF31C91727500A619DC /* Protocol */,
				F51CB6901C8F0236002F69E1 /* Classes */,
				18C93E3E1C8EDAD000BDD086 /* RokyinfoBLEDemo */,
				18C93E581C8EDAD000BDD086 /* RokyinfoBLEDemoTests */,
				18C93E3D1C8EDAD000BDD086 /* Products */,
				6CA9DBF5E7FE6DED375B02CB /* Pods */,
				EBF2083E05A9869DDAD65A1C /* Frameworks */,
			);
			sourceTree = "<group>";
		};
		18C93E3D1C8EDAD000BDD086 /* Products */ = {
			isa = PBXGroup;
			children = (
				18C93E3C1C8EDAD000BDD086 /* RokyinfoBLEDemo.app */,
				18C93E551C8EDAD000BDD086 /* RokyinfoBLEDemoTests.xctest */,
			);
			name = Products;
			sourceTree = "<group>";
		};
		18C93E3E1C8EDAD000BDD086 /* RokyinfoBLEDemo */ = {
			isa = PBXGroup;
			children = (
				18B4404B1C992DEB00B15823 /* BLEDataProtocol.h */,
				18B4404C1C992DEB00B15823 /* BLEDataProtocol.m */,
				18C93E421C8EDAD000BDD086 /* AppDelegate.h */,
				18C93E431C8EDAD000BDD086 /* AppDelegate.m */,
				18C93E451C8EDAD000BDD086 /* ViewController.h */,
				18C93E461C8EDAD000BDD086 /* ViewController.m */,
				18C93E481C8EDAD000BDD086 /* Main.storyboard */,
				18C93E4B1C8EDAD000BDD086 /* Assets.xcassets */,
				18C93E4D1C8EDAD000BDD086 /* LaunchScreen.storyboard */,
				18C93E501C8EDAD000BDD086 /* Info.plist */,
				18C93E3F1C8EDAD000BDD086 /* Supporting Files */,
			);
			path = RokyinfoBLEDemo;
			sourceTree = "<group>";
		};
		18C93E3F1C8EDAD000BDD086 /* Supporting Files */ = {
			isa = PBXGroup;
			children = (
				18C93E401C8EDAD000BDD086 /* main.m */,
			);
			name = "Supporting Files";
			sourceTree = "<group>";
		};
		18C93E581C8EDAD000BDD086 /* RokyinfoBLEDemoTests */ = {
			isa = PBXGroup;
			children = (
				18C93E591C8EDAD000BDD086 /* RokyinfoBLEDemoTests.m */,
				18C93E5B1C8EDAD000BDD086 /* Info.plist */,
			);
			path = RokyinfoBLEDemoTests;
			sourceTree = "<group>";
		};
		6CA9DBF5E7FE6DED375B02CB /* Pods */ = {
			isa = PBXGroup;
			children = (
				395F984CD11EABC71FE93967 /* Pods-RokyinfoBLEDemo.debug.xcconfig */,
				E5146E0FF7EDD8D5ADD99063 /* Pods-RokyinfoBLEDemo.release.xcconfig */,
				9CED58929475A5B4DB4710BD /* Pods-RokyinfoBLEDemoTests.debug.xcconfig */,
				62A5A06ED4B8B8CDE4B45FF2 /* Pods-RokyinfoBLEDemoTests.release.xcconfig */,
			);
			name = Pods;
			sourceTree = "<group>";
		};
		EBF2083E05A9869DDAD65A1C /* Frameworks */ = {
			isa = PBXGroup;
			children = (
				FFF98A275E40044DB1448183 /* Pods_RokyinfoBLEDemo.framework */,
				516EB001CF1C21F26D284D82 /* Pods_RokyinfoBLEDemoTests.framework */,
			);
			name = Frameworks;
			sourceTree = "<group>";
		};
		F51CB6901C8F0236002F69E1 /* Classes */ = {
			isa = PBXGroup;
			children = (
				F53B69CB1CAABA9400A6B2CB /* ToolBox */,
				182F78DC1C929E3600AD3652 /* RKBLEUtil.h */,
				182F78DD1C929E3600AD3652 /* RKBLEUtil.m */,
				184F84781CAA76AB009016A0 /* RKBLEDispatcher.h */,
				184F84791CAA76AB009016A0 /* RKBLEDispatcher.m */,
				F53B69C41CAAB4B500A6B2CB /* RequestQueue.h */,
				F53B69C51CAAB4B500A6B2CB /* RequestQueue.m */,
				F53B69C71CAAB6CA00A6B2CB /* Bluetooth.h */,
				F53B69C81CAAB74500A6B2CB /* BLERequest.h */,
				F53B69C91CAAB74500A6B2CB /* BLERequest.m */,
				F53B69CF1CAAC0C000A6B2CB /* ResponseDelivery.h */,
				F53B69D01CAAC15900A6B2CB /* Runnable.h */,
				F53B69D11CAAC25F00A6B2CB /* ExecutorDelivery.h */,
				F53B69D21CAAC25F00A6B2CB /* ExecutorDelivery.m */,
				18BDDE601CAB60C5006E8C0F /* RKBlockingQueue.h */,
				18BDDE611CAB60C5006E8C0F /* RKBlockingQueue.m */,
				18BDDE691CAB762A006E8C0F /* Response.h */,
				18BDDE6A1CAB762A006E8C0F /* Response.m */,
				18BDDE6C1CAB7674006E8C0F /* BLEResponse.h */,
				18BDDE6D1CAB7674006E8C0F /* BLEResponse.m */,
				18EFD8F41CB65CE4004CD1E2 /* DefaultBLEDataParseProtocol.h */,
				18EFD8F51CB65CE4004CD1E2 /* DefaultBLEDataParseProtocol.m */,
				186BEF7F1CB74CC900B08C43 /* RetryPolicy.h */,
				186BEF801CB7781B00B08C43 /* DefaultRetryPolicy.h */,
				186BEF811CB7781B00B08C43 /* DefaultRetryPolicy.m */,
			);
			name = Classes;
			path = ../Classes;
			sourceTree = "<group>";
		};
		F53B69CB1CAABA9400A6B2CB /* ToolBox */ = {
			isa = PBXGroup;
			children = (
				182F78E01C92B08300AD3652 /* BLEStack.h */,
				182F78E11C92B08300AD3652 /* BLEStack.m */,
			);
			name = ToolBox;
			sourceTree = "<group>";
		};
/* End PBXGroup section */

/* Begin PBXNativeTarget section */
		18C93E3B1C8EDAD000BDD086 /* RokyinfoBLEDemo */ = {
			isa = PBXNativeTarget;
			buildConfigurationList = 18C93E5E1C8EDAD000BDD086 /* Build configuration list for PBXNativeTarget "RokyinfoBLEDemo" */;
			buildPhases = (
				22CA8E68DCAD8E5CC2E6FAD6 /* Check Pods Manifest.lock */,
				18C93E381C8EDAD000BDD086 /* Sources */,
				18C93E391C8EDAD000BDD086 /* Frameworks */,
				18C93E3A1C8EDAD000BDD086 /* Resources */,
				807E07C85C09F64079E92AF3 /* Embed Pods Frameworks */,
				52E19B6936B327C43758DBDF /* Copy Pods Resources */,
			);
			buildRules = (
			);
			dependencies = (
			);
			name = RokyinfoBLEDemo;
			productName = RokyinfoBLEDemo;
			productReference = 18C93E3C1C8EDAD000BDD086 /* RokyinfoBLEDemo.app */;
			productType = "com.apple.product-type.application";
		};
		18C93E541C8EDAD000BDD086 /* RokyinfoBLEDemoTests */ = {
			isa = PBXNativeTarget;
			buildConfigurationList = 18C93E611C8EDAD000BDD086 /* Build configuration list for PBXNativeTarget "RokyinfoBLEDemoTests" */;
			buildPhases = (
				03B444609A5E820731663D34 /* Check Pods Manifest.lock */,
				18C93E511C8EDAD000BDD086 /* Sources */,
				18C93E521C8EDAD000BDD086 /* Frameworks */,
				18C93E531C8EDAD000BDD086 /* Resources */,
				519E9DE374174513412448C8 /* Embed Pods Frameworks */,
				99779309490CE5BBD139BC1E /* Copy Pods Resources */,
			);
			buildRules = (
			);
			dependencies = (
				18C93E571C8EDAD000BDD086 /* PBXTargetDependency */,
			);
			name = RokyinfoBLEDemoTests;
			productName = RokyinfoBLEDemoTests;
			productReference = 18C93E551C8EDAD000BDD086 /* RokyinfoBLEDemoTests.xctest */;
			productType = "com.apple.product-type.bundle.unit-test";
		};
/* End PBXNativeTarget section */

/* Begin PBXProject section */
		18C93E341C8EDAD000BDD086 /* Project object */ = {
			isa = PBXProject;
			attributes = {
				LastUpgradeCheck = 0720;
				ORGANIZATIONNAME = rokyinfo;
				TargetAttributes = {
					18C93E3B1C8EDAD000BDD086 = {
						CreatedOnToolsVersion = 7.2.1;
					};
					18C93E541C8EDAD000BDD086 = {
						CreatedOnToolsVersion = 7.2.1;
						TestTargetID = 18C93E3B1C8EDAD000BDD086;
					};
				};
			};
			buildConfigurationList = 18C93E371C8EDAD000BDD086 /* Build configuration list for PBXProject "RokyinfoBLEDemo" */;
			compatibilityVersion = "Xcode 3.2";
			developmentRegion = English;
			hasScannedForEncodings = 0;
			knownRegions = (
				en,
				Base,
			);
			mainGroup = 18C93E331C8EDAD000BDD086;
			productRefGroup = 18C93E3D1C8EDAD000BDD086 /* Products */;
			projectDirPath = "";
			projectRoot = "";
			targets = (
				18C93E3B1C8EDAD000BDD086 /* RokyinfoBLEDemo */,
				18C93E541C8EDAD000BDD086 /* RokyinfoBLEDemoTests */,
			);
		};
/* End PBXProject section */

/* Begin PBXResourcesBuildPhase section */
		18C93E3A1C8EDAD000BDD086 /* Resources */ = {
			isa = PBXResourcesBuildPhase;
			buildActionMask = 2147483647;
			files = (
				18C93E4F1C8EDAD000BDD086 /* LaunchScreen.storyboard in Resources */,
				18C93E4C1C8EDAD000BDD086 /* Assets.xcassets in Resources */,
				18C93E4A1C8EDAD000BDD086 /* Main.storyboard in Resources */,
			);
			runOnlyForDeploymentPostprocessing = 0;
		};
		18C93E531C8EDAD000BDD086 /* Resources */ = {
			isa = PBXResourcesBuildPhase;
			buildActionMask = 2147483647;
			files = (
			);
			runOnlyForDeploymentPostprocessing = 0;
		};
/* End PBXResourcesBuildPhase section */

/* Begin PBXShellScriptBuildPhase section */
		03B444609A5E820731663D34 /* Check Pods Manifest.lock */ = {
			isa = PBXShellScriptBuildPhase;
			buildActionMask = 2147483647;
			files = (
			);
			inputPaths = (
			);
			name = "Check Pods Manifest.lock";
			outputPaths = (
			);
			runOnlyForDeploymentPostprocessing = 0;
			shellPath = /bin/sh;
			shellScript = "diff \"${PODS_ROOT}/../Podfile.lock\" \"${PODS_ROOT}/Manifest.lock\" > /dev/null\nif [[ $? != 0 ]] ; then\n    cat << EOM\nerror: The sandbox is not in sync with the Podfile.lock. Run 'pod install' or update your CocoaPods installation.\nEOM\n    exit 1\nfi\n";
			showEnvVarsInLog = 0;
		};
		22CA8E68DCAD8E5CC2E6FAD6 /* Check Pods Manifest.lock */ = {
			isa = PBXShellScriptBuildPhase;
			buildActionMask = 2147483647;
			files = (
			);
			inputPaths = (
			);
			name = "Check Pods Manifest.lock";
			outputPaths = (
			);
			runOnlyForDeploymentPostprocessing = 0;
			shellPath = /bin/sh;
			shellScript = "diff \"${PODS_ROOT}/../Podfile.lock\" \"${PODS_ROOT}/Manifest.lock\" > /dev/null\nif [[ $? != 0 ]] ; then\n    cat << EOM\nerror: The sandbox is not in sync with the Podfile.lock. Run 'pod install' or update your CocoaPods installation.\nEOM\n    exit 1\nfi\n";
			showEnvVarsInLog = 0;
		};
		519E9DE374174513412448C8 /* Embed Pods Frameworks */ = {
			isa = PBXShellScriptBuildPhase;
			buildActionMask = 2147483647;
			files = (
			);
			inputPaths = (
			);
			name = "Embed Pods Frameworks";
			outputPaths = (
			);
			runOnlyForDeploymentPostprocessing = 0;
			shellPath = /bin/sh;
			shellScript = "\"${SRCROOT}/Pods/Target Support Files/Pods-RokyinfoBLEDemoTests/Pods-RokyinfoBLEDemoTests-frameworks.sh\"\n";
			showEnvVarsInLog = 0;
		};
		52E19B6936B327C43758DBDF /* Copy Pods Resources */ = {
			isa = PBXShellScriptBuildPhase;
			buildActionMask = 2147483647;
			files = (
			);
			inputPaths = (
			);
			name = "Copy Pods Resources";
			outputPaths = (
			);
			runOnlyForDeploymentPostprocessing = 0;
			shellPath = /bin/sh;
			shellScript = "\"${SRCROOT}/Pods/Target Support Files/Pods-RokyinfoBLEDemo/Pods-RokyinfoBLEDemo-resources.sh\"\n";
			showEnvVarsInLog = 0;
		};
		807E07C85C09F64079E92AF3 /* Embed Pods Frameworks */ = {
			isa = PBXShellScriptBuildPhase;
			buildActionMask = 2147483647;
			files = (
			);
			inputPaths = (
			);
			name = "Embed Pods Frameworks";
			outputPaths = (
			);
			runOnlyForDeploymentPostprocessing = 0;
			shellPath = /bin/sh;
			shellScript = "\"${SRCROOT}/Pods/Target Support Files/Pods-RokyinfoBLEDemo/Pods-RokyinfoBLEDemo-frameworks.sh\"\n";
			showEnvVarsInLog = 0;
		};
		99779309490CE5BBD139BC1E /* Copy Pods Resources */ = {
			isa = PBXShellScriptBuildPhase;
			buildActionMask = 2147483647;
			files = (
			);
			inputPaths = (
			);
			name = "Copy Pods Resources";
			outputPaths = (
			);
			runOnlyForDeploymentPostprocessing = 0;
			shellPath = /bin/sh;
			shellScript = "\"${SRCROOT}/Pods/Target Support Files/Pods-RokyinfoBLEDemoTests/Pods-RokyinfoBLEDemoTests-resources.sh\"\n";
			showEnvVarsInLog = 0;
		};
/* End PBXShellScriptBuildPhase section */

/* Begin PBXSourcesBuildPhase section */
		18C93E381C8EDAD000BDD086 /* Sources */ = {
			isa = PBXSourcesBuildPhase;
			buildActionMask = 2147483647;
			files = (
				186FE3931CD88D9900954FF6 /* RkBluetoothClient.m in Sources */,
				182F78DE1C929E3600AD3652 /* RKBLEUtil.m in Sources */,
				18BDDE621CAB60C5006E8C0F /* RKBlockingQueue.m in Sources */,
				F53B69D31CAAC25F00A6B2CB /* ExecutorDelivery.m in Sources */,
				F53B69CA1CAAB74500A6B2CB /* BLERequest.m in Sources */,
				18863BDE1C9BCD7000F824F6 /* RK410APIService.m in Sources */,
				182F78E21C92B08300AD3652 /* BLEStack.m in Sources */,
				184F847A1CAA76AB009016A0 /* RKBLEDispatcher.m in Sources */,
				F53B69C61CAAB4B500A6B2CB /* RequestQueue.m in Sources */,
				186FE3961CD897EB00954FF6 /* ByteConvert.m in Sources */,
				18CEB5161CB6263100C4EDC5 /* KeyEventResponse.m in Sources */,
				186BEF821CB7781B00B08C43 /* DefaultRetryPolicy.m in Sources */,
				18BDDE6B1CAB762A006E8C0F /* Response.m in Sources */,
				186FE3901CD8856300954FF6 /* Firmware.m in Sources */,
				18BDDE6E1CAB7674006E8C0F /* BLEResponse.m in Sources */,
				18790DF71C91738500A619DC /* RKFrame.m in Sources */,
				18C93E471C8EDAD000BDD086 /* ViewController.m in Sources */,
				18C93E441C8EDAD000BDD086 /* AppDelegate.m in Sources */,
				18C93E411C8EDAD000BDD086 /* main.m in Sources */,
				18B4404D1C992DEB00B15823 /* BLEDataProtocol.m in Sources */,
				18EFD8F61CB65CE4004CD1E2 /* DefaultBLEDataParseProtocol.m in Sources */,
				18790DFB1C91739800A619DC /* RKPackage.m in Sources */,
			);
			runOnlyForDeploymentPostprocessing = 0;
		};
		18C93E511C8EDAD000BDD086 /* Sources */ = {
			isa = PBXSourcesBuildPhase;
			buildActionMask = 2147483647;
			files = (
				18790DF81C91738500A619DC /* RKFrame.m in Sources */,
				182F78DF1C929E3600AD3652 /* RKBLEUtil.m in Sources */,
				18790DFC1C91739800A619DC /* RKPackage.m in Sources */,
				182F78E31C92B08300AD3652 /* BLEStack.m in Sources */,
				18863BDF1C9BCD7000F824F6 /* RK410APIService.m in Sources */,
				18B4404E1C992DEB00B15823 /* BLEDataProtocol.m in Sources */,
				18C93E5A1C8EDAD000BDD086 /* RokyinfoBLEDemoTests.m in Sources */,
			);
			runOnlyForDeploymentPostprocessing = 0;
		};
/* End PBXSourcesBuildPhase section */

/* Begin PBXTargetDependency section */
		18C93E571C8EDAD000BDD086 /* PBXTargetDependency */ = {
			isa = PBXTargetDependency;
			target = 18C93E3B1C8EDAD000BDD086 /* RokyinfoBLEDemo */;
			targetProxy = 18C93E561C8EDAD000BDD086 /* PBXContainerItemProxy */;
		};
/* End PBXTargetDependency section */

/* Begin PBXVariantGroup section */
		18C93E481C8EDAD000BDD086 /* Main.storyboard */ = {
			isa = PBXVariantGroup;
			children = (
				18C93E491C8EDAD000BDD086 /* Base */,
			);
			name = Main.storyboard;
			sourceTree = "<group>";
		};
		18C93E4D1C8EDAD000BDD086 /* LaunchScreen.storyboard */ = {
			isa = PBXVariantGroup;
			children = (
				18C93E4E1C8EDAD000BDD086 /* Base */,
			);
			name = LaunchScreen.storyboard;
			sourceTree = "<group>";
		};
/* End PBXVariantGroup section */

/* Begin XCBuildConfiguration section */
		18C93E5C1C8EDAD000BDD086 /* Debug */ = {
			isa = XCBuildConfiguration;
			buildSettings = {
				ALWAYS_SEARCH_USER_PATHS = NO;
				CLANG_CXX_LANGUAGE_STANDARD = "gnu++0x";
				CLANG_CXX_LIBRARY = "libc++";
				CLANG_ENABLE_MODULES = YES;
				CLANG_ENABLE_OBJC_ARC = YES;
				CLANG_WARN_BOOL_CONVERSION = YES;
				CLANG_WARN_CONSTANT_CONVERSION = YES;
				CLANG_WARN_DIRECT_OBJC_ISA_USAGE = YES_ERROR;
				CLANG_WARN_EMPTY_BODY = YES;
				CLANG_WARN_ENUM_CONVERSION = YES;
				CLANG_WARN_INT_CONVERSION = YES;
				CLANG_WARN_OBJC_ROOT_CLASS = YES_ERROR;
				CLANG_WARN_UNREACHABLE_CODE = YES;
				CLANG_WARN__DUPLICATE_METHOD_MATCH = YES;
				"CODE_SIGN_IDENTITY[sdk=iphoneos*]" = "iPhone Developer";
				COPY_PHASE_STRIP = NO;
				DEBUG_INFORMATION_FORMAT = dwarf;
				ENABLE_STRICT_OBJC_MSGSEND = YES;
				ENABLE_TESTABILITY = YES;
				GCC_C_LANGUAGE_STANDARD = gnu99;
				GCC_DYNAMIC_NO_PIC = NO;
				GCC_NO_COMMON_BLOCKS = YES;
				GCC_OPTIMIZATION_LEVEL = 0;
				GCC_PREPROCESSOR_DEFINITIONS = (
					"DEBUG=1",
					"$(inherited)",
				);
				GCC_WARN_64_TO_32_BIT_CONVERSION = YES;
				GCC_WARN_ABOUT_RETURN_TYPE = YES_ERROR;
				GCC_WARN_UNDECLARED_SELECTOR = YES;
				GCC_WARN_UNINITIALIZED_AUTOS = YES_AGGRESSIVE;
				GCC_WARN_UNUSED_FUNCTION = YES;
				GCC_WARN_UNUSED_VARIABLE = YES;
				IPHONEOS_DEPLOYMENT_TARGET = 9.2;
				MTL_ENABLE_DEBUG_INFO = YES;
				ONLY_ACTIVE_ARCH = YES;
				SDKROOT = iphoneos;
				TARGETED_DEVICE_FAMILY = "1,2";
			};
			name = Debug;
		};
		18C93E5D1C8EDAD000BDD086 /* Release */ = {
			isa = XCBuildConfiguration;
			buildSettings = {
				ALWAYS_SEARCH_USER_PATHS = NO;
				CLANG_CXX_LANGUAGE_STANDARD = "gnu++0x";
				CLANG_CXX_LIBRARY = "libc++";
				CLANG_ENABLE_MODULES = YES;
				CLANG_ENABLE_OBJC_ARC = YES;
				CLANG_WARN_BOOL_CONVERSION = YES;
				CLANG_WARN_CONSTANT_CONVERSION = YES;
				CLANG_WARN_DIRECT_OBJC_ISA_USAGE = YES_ERROR;
				CLANG_WARN_EMPTY_BODY = YES;
				CLANG_WARN_ENUM_CONVERSION = YES;
				CLANG_WARN_INT_CONVERSION = YES;
				CLANG_WARN_OBJC_ROOT_CLASS = YES_ERROR;
				CLANG_WARN_UNREACHABLE_CODE = YES;
				CLANG_WARN__DUPLICATE_METHOD_MATCH = YES;
				"CODE_SIGN_IDENTITY[sdk=iphoneos*]" = "iPhone Developer";
				COPY_PHASE_STRIP = NO;
				DEBUG_INFORMATION_FORMAT = "dwarf-with-dsym";
				ENABLE_NS_ASSERTIONS = NO;
				ENABLE_STRICT_OBJC_MSGSEND = YES;
				GCC_C_LANGUAGE_STANDARD = gnu99;
				GCC_NO_COMMON_BLOCKS = YES;
				GCC_WARN_64_TO_32_BIT_CONVERSION = YES;
				GCC_WARN_ABOUT_RETURN_TYPE = YES_ERROR;
				GCC_WARN_UNDECLARED_SELECTOR = YES;
				GCC_WARN_UNINITIALIZED_AUTOS = YES_AGGRESSIVE;
				GCC_WARN_UNUSED_FUNCTION = YES;
				GCC_WARN_UNUSED_VARIABLE = YES;
				IPHONEOS_DEPLOYMENT_TARGET = 9.2;
				MTL_ENABLE_DEBUG_INFO = NO;
				SDKROOT = iphoneos;
				TARGETED_DEVICE_FAMILY = "1,2";
				VALIDATE_PRODUCT = YES;
			};
			name = Release;
		};
		18C93E5F1C8EDAD000BDD086 /* Debug */ = {
			isa = XCBuildConfiguration;
			baseConfigurationReference = 395F984CD11EABC71FE93967 /* Pods-RokyinfoBLEDemo.debug.xcconfig */;
			buildSettings = {
				ASSETCATALOG_COMPILER_APPICON_NAME = AppIcon;
				INFOPLIST_FILE = RokyinfoBLEDemo/Info.plist;
				IPHONEOS_DEPLOYMENT_TARGET = 8.0;
				LD_RUNPATH_SEARCH_PATHS = "$(inherited) @executable_path/Frameworks";
				PRODUCT_BUNDLE_IDENTIFIER = com.rokyinfo.RokyinfoBLEDemo;
				PRODUCT_NAME = "$(TARGET_NAME)";
				TARGETED_DEVICE_FAMILY = 1;
			};
			name = Debug;
		};
		18C93E601C8EDAD000BDD086 /* Release */ = {
			isa = XCBuildConfiguration;
			baseConfigurationReference = E5146E0FF7EDD8D5ADD99063 /* Pods-RokyinfoBLEDemo.release.xcconfig */;
			buildSettings = {
				ASSETCATALOG_COMPILER_APPICON_NAME = AppIcon;
				INFOPLIST_FILE = RokyinfoBLEDemo/Info.plist;
				IPHONEOS_DEPLOYMENT_TARGET = 8.0;
				LD_RUNPATH_SEARCH_PATHS = "$(inherited) @executable_path/Frameworks";
				PRODUCT_BUNDLE_IDENTIFIER = com.rokyinfo.RokyinfoBLEDemo;
				PRODUCT_NAME = "$(TARGET_NAME)";
				TARGETED_DEVICE_FAMILY = 1;
			};
			name = Release;
		};
		18C93E621C8EDAD000BDD086 /* Debug */ = {
			isa = XCBuildConfiguration;
			baseConfigurationReference = 9CED58929475A5B4DB4710BD /* Pods-RokyinfoBLEDemoTests.debug.xcconfig */;
			buildSettings = {
				BUNDLE_LOADER = "$(TEST_HOST)";
				INFOPLIST_FILE = RokyinfoBLEDemoTests/Info.plist;
				LD_RUNPATH_SEARCH_PATHS = "$(inherited) @executable_path/Frameworks @loader_path/Frameworks";
				PRODUCT_BUNDLE_IDENTIFIER = com.rokyinfo.RokyinfoBLEDemoTests;
				PRODUCT_NAME = "$(TARGET_NAME)";
				TEST_HOST = "$(BUILT_PRODUCTS_DIR)/RokyinfoBLEDemo.app/RokyinfoBLEDemo";
			};
			name = Debug;
		};
		18C93E631C8EDAD000BDD086 /* Release */ = {
			isa = XCBuildConfiguration;
			baseConfigurationReference = 62A5A06ED4B8B8CDE4B45FF2 /* Pods-RokyinfoBLEDemoTests.release.xcconfig */;
			buildSettings = {
				BUNDLE_LOADER = "$(TEST_HOST)";
				INFOPLIST_FILE = RokyinfoBLEDemoTests/Info.plist;
				LD_RUNPATH_SEARCH_PATHS = "$(inherited) @executable_path/Frameworks @loader_path/Frameworks";
				PRODUCT_BUNDLE_IDENTIFIER = com.rokyinfo.RokyinfoBLEDemoTests;
				PRODUCT_NAME = "$(TARGET_NAME)";
				TEST_HOST = "$(BUILT_PRODUCTS_DIR)/RokyinfoBLEDemo.app/RokyinfoBLEDemo";
			};
			name = Release;
		};
/* End XCBuildConfiguration section */

/* Begin XCConfigurationList section */
		18C93E371C8EDAD000BDD086 /* Build configuration list for PBXProject "RokyinfoBLEDemo" */ = {
			isa = XCConfigurationList;
			buildConfigurations = (
				18C93E5C1C8EDAD000BDD086 /* Debug */,
				18C93E5D1C8EDAD000BDD086 /* Release */,
			);
			defaultConfigurationIsVisible = 0;
			defaultConfigurationName = Release;
		};
		18C93E5E1C8EDAD000BDD086 /* Build configuration list for PBXNativeTarget "RokyinfoBLEDemo" */ = {
			isa = XCConfigurationList;
			buildConfigurations = (
				18C93E5F1C8EDAD000BDD086 /* Debug */,
				18C93E601C8EDAD000BDD086 /* Release */,
			);
			defaultConfigurationIsVisible = 0;
			defaultConfigurationName = Release;
		};
		18C93E611C8EDAD000BDD086 /* Build configuration list for PBXNativeTarget "RokyinfoBLEDemoTests" */ = {
			isa = XCConfigurationList;
			buildConfigurations = (
				18C93E621C8EDAD000BDD086 /* Debug */,
				18C93E631C8EDAD000BDD086 /* Release */,
			);
			defaultConfigurationIsVisible = 0;
			defaultConfigurationName = Release;
		};
/* End XCConfigurationList section */
	};
	rootObject = 18C93E341C8EDAD000BDD086 /* Project object */;
}
