PODS:
  - CocoaLumberjack (2.2.0):
    - CocoaLumberjack/Default (= 2.2.0)
    - CocoaLumberjack/Extensions (= 2.2.0)
  - CocoaLumberjack/Core (2.2.0)
  - CocoaLumberjack/Default (2.2.0):
    - CocoaLumberjack/Core
  - CocoaLumberjack/Extensions (2.2.0):
    - CocoaLumberjack/Default
  - CocoaSecurity (1.2.4)
  - ReactiveCocoa (4.0.1):
    - ReactiveCocoa/UI (= 4.0.1)
    - Result (~> 1.0.2)
  - ReactiveCocoa/Core (4.0.1):
    - ReactiveCocoa/no-arc
    - Result (~> 1.0.2)
  - ReactiveCocoa/no-arc (4.0.1):
    - Result (~> 1.0.2)
  - ReactiveCocoa/UI (4.0.1):
    - ReactiveCocoa/Core
    - Result (~> 1.0.2)
  - Result (1.0.2)

DEPENDENCIES:
  - CocoaLumberjack
  - CocoaSecurity
  - ReactiveCocoa

SPEC CHECKSUMS:
  CocoaLumberjack: 17fe8581f84914d5d7e6360f7c70022b173c3ae0
  CocoaSecurity: d288a6f87e0f363823d2cb83e753814a6944f71a
  ReactiveCocoa: f7011630aee4deeb16352fcb1b50d6bde9db4f90
  Result: dd3dd71af3fa2e262f1a999e14fba2c25ec14f16

PODFILE CHECKSUM: fab53b7034c6f457e88a9e22af9fd53d3b3ee461

COCOAPODS: 1.0.0.beta.3
